{
  "name": "@progress/kendo-theme-nouvelle",
  "version": "6.0.3",
  "lockfileVersion": 1,
  "requires": true,
  "dependencies": {
    "@progress/kendo-font-icons": {
      "version": "1.2.0",
      "resolved": "https://registry.npmjs.org/@progress/kendo-font-icons/-/kendo-font-icons-1.2.0.tgz",
      "integrity": "sha512-KnCsx6yQG3VOcOPaNvIRTD5nIai8j7MfVZ1pVj5mKr1MeURZ6GCTJKEKg9Q9Dy5Fq8NyFPDI1EodcUnJxdWN/Q=="
    },
    "@progress/kendo-theme-core": {
      "version": "6.0.2",
      "resolved": "https://registry.npmjs.org/@progress/kendo-theme-core/-/kendo-theme-core-6.0.2.tgz",
      "integrity": "sha512-VHT7tEN3uDVaaq/ftOcefc/+LyVvJqmf+M/AueZA8R/mTd0n4RUBYJQb4klSeRO8k4btpctXRTVhuDHhIkVXFg=="
    },
    "@progress/kendo-theme-utils": {
      "version": "6.0.2",
      "resolved": "https://registry.npmjs.org/@progress/kendo-theme-utils/-/kendo-theme-utils-6.0.2.tgz",
      "integrity": "sha512-RVECpctNv13HO366RCeff7BDr98s/NZPn/oUJ6Xs3MdPyPdSWX+3zhXP6vgwJNKNteCBb/FuRLmfw/YvKmISfg==",
      "requires": {
        "@progress/kendo-theme-core": "^6.0.2"
      }
    }
  }
}
