{
  "name": "@progress/kendo-theme-nouvelle",
  "version": "6.5.0",
  "lockfileVersion": 1,
  "requires": true,
  "dependencies": {
    "@progress/kendo-font-icons": {
      "version": "1.6.0",
      "resolved": "https://registry.npmjs.org/@progress/kendo-font-icons/-/kendo-font-icons-1.6.0.tgz",
      "integrity": "sha512-HBJLDNKVq15zQXW7nZ9lnpAicKlUGQogUWy9/xj+oj0ALobZoX37EDHQrLx1yUH6sUpkdjGUZd+hJWj0JazUnQ=="
    },
    "@progress/kendo-theme-core": {
      "version": "6.5.0",
      "resolved": "https://registry.npmjs.org/@progress/kendo-theme-core/-/kendo-theme-core-6.5.0.tgz",
      "integrity": "sha512-QWK4Bi0onoP69NGBPyixCqR7+m3UXtjz+folrrAbjaJOu6BkQO57aIbyImYXurbW7M1b88XWKKSnDldrHluzJQ=="
    },
    "@progress/kendo-theme-utils": {
      "version": "6.5.0",
      "resolved": "https://registry.npmjs.org/@progress/kendo-theme-utils/-/kendo-theme-utils-6.5.0.tgz",
      "integrity": "sha512-tYK3Eb2OZzoQgpKIPAPrmjwteG1Xe4msDfXuJMa3QlC+1EdcMaVILZkoaj2d056o8OIPjBBtJRjUa5/4DtUZTw==",
      "requires": {
        "@progress/kendo-theme-core": "6.5.0"
      }
    }
  }
}
