{
  "name": "@progress/kendo-themes-html",
  "version": "5.8.2-dev.2",
  "lockfileVersion": 1,
  "requires": true,
  "dependencies": {
    "@esbuild/android-arm": {
      "version": "0.15.9",
      "resolved": "https://registry.npmjs.org/@esbuild/android-arm/-/android-arm-0.15.9.tgz",
      "integrity": "sha512-VZPy/ETF3fBG5PiinIkA0W/tlsvlEgJccyN2DzWZEl0DlVKRbu91PvY2D6Lxgluj4w9QtYHjOWjAT44C+oQ+EQ==",
      "dev": true,
      "optional": true
    },
    "@esbuild/linux-loong64": {
      "version": "0.15.9",
      "resolved": "https://registry.npmjs.org/@esbuild/linux-loong64/-/linux-loong64-0.15.9.tgz",
      "integrity": "sha512-O+NfmkfRrb3uSsTa4jE3WApidSe3N5++fyOVGP1SmMZi4A3BZELkhUUvj5hwmMuNdlpzAZ8iAPz2vmcR7DCFQA==",
      "dev": true,
      "optional": true
    },
    "@types/prop-types": {
      "version": "15.7.5",
      "resolved": "https://registry.npmjs.org/@types/prop-types/-/prop-types-15.7.5.tgz",
      "integrity": "sha512-JCB8C6SnDoQf0cNycqd/35A7MjcnK+ZTqE7judS6o7utxUCg6imJg3QK2qzHKszlTjcj2cn+NwMB2i96ubpj7w==",
      "dev": true
    },
    "@types/react": {
      "version": "18.0.10",
      "resolved": "https://registry.npmjs.org/@types/react/-/react-18.0.10.tgz",
      "integrity": "sha512-dIugadZuIPrRzvIEevIu7A1smqOAjkSMv8qOfwPt9Ve6i6JT/FQcCHyk2qIAxwsQNKZt5/oGR0T4z9h2dXRAkg==",
      "dev": true,
      "requires": {
        "@types/prop-types": "*",
        "@types/scheduler": "*",
        "csstype": "^3.0.2"
      }
    },
    "@types/scheduler": {
      "version": "0.16.2",
      "resolved": "https://registry.npmjs.org/@types/scheduler/-/scheduler-0.16.2.tgz",
      "integrity": "sha512-hppQEBDmlwhFAXKJX2KnWLYu5yMfi91yazPb2l+lbJiwW+wdo1gNeRA+3RgNSO39WYX2euey41KEwnqesU2Jew==",
      "dev": true
    },
    "balanced-match": {
      "version": "1.0.2",
      "resolved": "https://registry.npmjs.org/balanced-match/-/balanced-match-1.0.2.tgz",
      "integrity": "sha512-3oSeUO0TMV67hN1AmbXsK4yaqU7tjiHlbxRDZOpH0KW9+CeX4bRAaX0Anxt0tx2MrpRpWwQaPwIlISEJhYU5Pw==",
      "dev": true
    },
    "brace-expansion": {
      "version": "2.0.1",
      "resolved": "https://registry.npmjs.org/brace-expansion/-/brace-expansion-2.0.1.tgz",
      "integrity": "sha512-XnAIvQ8eM+kC6aULx6wuQiwVsnzsi9d3WxzV3FpWTGA19F621kwdbsAcFKXgKUHZWsy+mY6iL1sHTxWEFCytDA==",
      "dev": true,
      "requires": {
        "balanced-match": "^1.0.0"
      }
    },
    "csstype": {
      "version": "3.1.0",
      "resolved": "https://registry.npmjs.org/csstype/-/csstype-3.1.0.tgz",
      "integrity": "sha512-uX1KG+x9h5hIJsaKR9xHUeUraxf8IODOwq9JLNPq6BwB04a/xgpq3rcx47l5BZu5zBPlgD342tdke3Hom/nJRA==",
      "dev": true
    },
    "esbuild": {
      "version": "0.15.9",
      "resolved": "https://registry.npmjs.org/esbuild/-/esbuild-0.15.9.tgz",
      "integrity": "sha512-OnYr1rkMVxtmMHIAKZLMcEUlJmqcbxBz9QoBU8G9v455na0fuzlT/GLu6l+SRghrk0Mm2fSSciMmzV43Q8e0Gg==",
      "dev": true,
      "requires": {
        "@esbuild/android-arm": "0.15.9",
        "@esbuild/linux-loong64": "0.15.9",
        "esbuild-android-64": "0.15.9",
        "esbuild-android-arm64": "0.15.9",
        "esbuild-darwin-64": "0.15.9",
        "esbuild-darwin-arm64": "0.15.9",
        "esbuild-freebsd-64": "0.15.9",
        "esbuild-freebsd-arm64": "0.15.9",
        "esbuild-linux-32": "0.15.9",
        "esbuild-linux-64": "0.15.9",
        "esbuild-linux-arm": "0.15.9",
        "esbuild-linux-arm64": "0.15.9",
        "esbuild-linux-mips64le": "0.15.9",
        "esbuild-linux-ppc64le": "0.15.9",
        "esbuild-linux-riscv64": "0.15.9",
        "esbuild-linux-s390x": "0.15.9",
        "esbuild-netbsd-64": "0.15.9",
        "esbuild-openbsd-64": "0.15.9",
        "esbuild-sunos-64": "0.15.9",
        "esbuild-windows-32": "0.15.9",
        "esbuild-windows-64": "0.15.9",
        "esbuild-windows-arm64": "0.15.9"
      }
    },
    "esbuild-android-64": {
      "version": "0.15.9",
      "resolved": "https://registry.npmjs.org/esbuild-android-64/-/esbuild-android-64-0.15.9.tgz",
      "integrity": "sha512-HQCX7FJn9T4kxZQkhPjNZC7tBWZqJvhlLHPU2SFzrQB/7nDXjmTIFpFTjt7Bd1uFpeXmuwf5h5fZm+x/hLnhbw==",
      "dev": true,
      "optional": true
    },
    "esbuild-android-arm64": {
      "version": "0.15.9",
      "resolved": "https://registry.npmjs.org/esbuild-android-arm64/-/esbuild-android-arm64-0.15.9.tgz",
      "integrity": "sha512-E6zbLfqbFVCNEKircSHnPiSTsm3fCRxeIMPfrkS33tFjIAoXtwegQfVZqMGR0FlsvVxp2NEDOUz+WW48COCjSg==",
      "dev": true,
      "optional": true
    },
    "esbuild-darwin-64": {
      "version": "0.15.9",
      "resolved": "https://registry.npmjs.org/esbuild-darwin-64/-/esbuild-darwin-64-0.15.9.tgz",
      "integrity": "sha512-gI7dClcDN/HHVacZhTmGjl0/TWZcGuKJ0I7/xDGJwRQQn7aafZGtvagOFNmuOq+OBFPhlPv1T6JElOXb0unkSQ==",
      "dev": true,
      "optional": true
    },
    "esbuild-darwin-arm64": {
      "version": "0.15.9",
      "resolved": "https://registry.npmjs.org/esbuild-darwin-arm64/-/esbuild-darwin-arm64-0.15.9.tgz",
      "integrity": "sha512-VZIMlcRN29yg/sv7DsDwN+OeufCcoTNaTl3Vnav7dL/nvsApD7uvhVRbgyMzv0zU/PP0xRhhIpTyc7lxEzHGSw==",
      "dev": true,
      "optional": true
    },
    "esbuild-freebsd-64": {
      "version": "0.15.9",
      "resolved": "https://registry.npmjs.org/esbuild-freebsd-64/-/esbuild-freebsd-64-0.15.9.tgz",
      "integrity": "sha512-uM4z5bTvuAXqPxrI204txhlsPIolQPWRMLenvGuCPZTnnGlCMF2QLs0Plcm26gcskhxewYo9LkkmYSS5Czrb5A==",
      "dev": true,
      "optional": true
    },
    "esbuild-freebsd-arm64": {
      "version": "0.15.9",
      "resolved": "https://registry.npmjs.org/esbuild-freebsd-arm64/-/esbuild-freebsd-arm64-0.15.9.tgz",
      "integrity": "sha512-HHDjT3O5gWzicGdgJ5yokZVN9K9KG05SnERwl9nBYZaCjcCgj/sX8Ps1jvoFSfNCO04JSsHSOWo4qvxFuj8FoA==",
      "dev": true,
      "optional": true
    },
    "esbuild-linux-32": {
      "version": "0.15.9",
      "resolved": "https://registry.npmjs.org/esbuild-linux-32/-/esbuild-linux-32-0.15.9.tgz",
      "integrity": "sha512-AQIdE8FugGt1DkcekKi5ycI46QZpGJ/wqcMr7w6YUmOmp2ohQ8eO4sKUsOxNOvYL7hGEVwkndSyszR6HpVHLFg==",
      "dev": true,
      "optional": true
    },
    "esbuild-linux-64": {
      "version": "0.15.9",
      "resolved": "https://registry.npmjs.org/esbuild-linux-64/-/esbuild-linux-64-0.15.9.tgz",
      "integrity": "sha512-4RXjae7g6Qs7StZyiYyXTZXBlfODhb1aBVAjd+ANuPmMhWthQilWo7rFHwJwL7DQu1Fjej2sODAVwLbcIVsAYQ==",
      "dev": true,
      "optional": true
    },
    "esbuild-linux-arm": {
      "version": "0.15.9",
      "resolved": "https://registry.npmjs.org/esbuild-linux-arm/-/esbuild-linux-arm-0.15.9.tgz",
      "integrity": "sha512-3Zf2GVGUOI7XwChH3qrnTOSqfV1V4CAc/7zLVm4lO6JT6wbJrTgEYCCiNSzziSju+J9Jhf9YGWk/26quWPC6yQ==",
      "dev": true,
      "optional": true
    },
    "esbuild-linux-arm64": {
      "version": "0.15.9",
      "resolved": "https://registry.npmjs.org/esbuild-linux-arm64/-/esbuild-linux-arm64-0.15.9.tgz",
      "integrity": "sha512-a+bTtxJmYmk9d+s2W4/R1SYKDDAldOKmWjWP0BnrWtDbvUBNOm++du0ysPju4mZVoEFgS1yLNW+VXnG/4FNwdQ==",
      "dev": true,
      "optional": true
    },
    "esbuild-linux-mips64le": {
      "version": "0.15.9",
      "resolved": "https://registry.npmjs.org/esbuild-linux-mips64le/-/esbuild-linux-mips64le-0.15.9.tgz",
      "integrity": "sha512-Zn9HSylDp89y+TRREMDoGrc3Z4Hs5u56ozZLQCiZAUx2+HdbbXbWdjmw3FdTJ/i7t5Cew6/Q+6kfO3KCcFGlyw==",
      "dev": true,
      "optional": true
    },
    "esbuild-linux-ppc64le": {
      "version": "0.15.9",
      "resolved": "https://registry.npmjs.org/esbuild-linux-ppc64le/-/esbuild-linux-ppc64le-0.15.9.tgz",
      "integrity": "sha512-OEiOxNAMH9ENFYqRsWUj3CWyN3V8P3ZXyfNAtX5rlCEC/ERXrCEFCJji/1F6POzsXAzxvUJrTSTCy7G6BhA6Fw==",
      "dev": true,
      "optional": true
    },
    "esbuild-linux-riscv64": {
      "version": "0.15.9",
      "resolved": "https://registry.npmjs.org/esbuild-linux-riscv64/-/esbuild-linux-riscv64-0.15.9.tgz",
      "integrity": "sha512-ukm4KsC3QRausEFjzTsOZ/qqazw0YvJsKmfoZZm9QW27OHjk2XKSQGGvx8gIEswft/Sadp03/VZvAaqv5AIwNA==",
      "dev": true,
      "optional": true
    },
    "esbuild-linux-s390x": {
      "version": "0.15.9",
      "resolved": "https://registry.npmjs.org/esbuild-linux-s390x/-/esbuild-linux-s390x-0.15.9.tgz",
      "integrity": "sha512-uDOQEH55wQ6ahcIKzQr3VyjGc6Po/xblLGLoUk3fVL1qjlZAibtQr6XRfy5wPJLu/M2o0vQKLq4lyJ2r1tWKcw==",
      "dev": true,
      "optional": true
    },
    "esbuild-netbsd-64": {
      "version": "0.15.9",
      "resolved": "https://registry.npmjs.org/esbuild-netbsd-64/-/esbuild-netbsd-64-0.15.9.tgz",
      "integrity": "sha512-yWgxaYTQz+TqX80wXRq6xAtb7GSBAp6gqLKfOdANg9qEmAI1Bxn04IrQr0Mzm4AhxvGKoHzjHjMgXbCCSSDxcw==",
      "dev": true,
      "optional": true
    },
    "esbuild-openbsd-64": {
      "version": "0.15.9",
      "resolved": "https://registry.npmjs.org/esbuild-openbsd-64/-/esbuild-openbsd-64-0.15.9.tgz",
      "integrity": "sha512-JmS18acQl4iSAjrEha1MfEmUMN4FcnnrtTaJ7Qg0tDCOcgpPPQRLGsZqhes0vmx8VA6IqRyScqXvaL7+Q0Uf3A==",
      "dev": true,
      "optional": true
    },
    "esbuild-sunos-64": {
      "version": "0.15.9",
      "resolved": "https://registry.npmjs.org/esbuild-sunos-64/-/esbuild-sunos-64-0.15.9.tgz",
      "integrity": "sha512-UKynGSWpzkPmXW3D2UMOD9BZPIuRaSqphxSCwScfEE05Be3KAmvjsBhht1fLzKpiFVJb0BYMd4jEbWMyJ/z1hQ==",
      "dev": true,
      "optional": true
    },
    "esbuild-windows-32": {
      "version": "0.15.9",
      "resolved": "https://registry.npmjs.org/esbuild-windows-32/-/esbuild-windows-32-0.15.9.tgz",
      "integrity": "sha512-aqXvu4/W9XyTVqO/hw3rNxKE1TcZiEYHPsXM9LwYmKSX9/hjvfIJzXwQBlPcJ/QOxedfoMVH0YnhhQ9Ffb0RGA==",
      "dev": true,
      "optional": true
    },
    "esbuild-windows-64": {
      "version": "0.15.9",
      "resolved": "https://registry.npmjs.org/esbuild-windows-64/-/esbuild-windows-64-0.15.9.tgz",
      "integrity": "sha512-zm7h91WUmlS4idMtjvCrEeNhlH7+TNOmqw5dJPJZrgFaxoFyqYG6CKDpdFCQXdyKpD5yvzaQBOMVTCBVKGZDEg==",
      "dev": true,
      "optional": true
    },
    "esbuild-windows-arm64": {
      "version": "0.15.9",
      "resolved": "https://registry.npmjs.org/esbuild-windows-arm64/-/esbuild-windows-arm64-0.15.9.tgz",
      "integrity": "sha512-yQEVIv27oauAtvtuhJVfSNMztJJX47ismRS6Sv2QMVV9RM+6xjbMWuuwM2nxr5A2/gj/mu2z9YlQxiwoFRCfZA==",
      "dev": true,
      "optional": true
    },
    "fs.realpath": {
      "version": "1.0.0",
      "resolved": "https://registry.npmjs.org/fs.realpath/-/fs.realpath-1.0.0.tgz",
      "integrity": "sha1-FQStJSMVjKpA20onh8sBQRmU6k8=",
      "dev": true
    },
    "glob": {
      "version": "8.0.3",
      "resolved": "https://registry.npmjs.org/glob/-/glob-8.0.3.tgz",
      "integrity": "sha512-ull455NHSHI/Y1FqGaaYFaLGkNMMJbavMrEGFXG/PGrg6y7sutWHUHrz6gy6WEBH6akM1M414dWKCNs+IhKdiQ==",
      "dev": true,
      "requires": {
        "fs.realpath": "^1.0.0",
        "inflight": "^1.0.4",
        "inherits": "2",
        "minimatch": "^5.0.1",
        "once": "^1.3.0"
      }
    },
    "inflight": {
      "version": "1.0.6",
      "resolved": "https://registry.npmjs.org/inflight/-/inflight-1.0.6.tgz",
      "integrity": "sha1-Sb1jMdfQLQwJvJEKEHW6gWW1bfk=",
      "dev": true,
      "requires": {
        "once": "^1.3.0",
        "wrappy": "1"
      }
    },
    "inherits": {
      "version": "2.0.4",
      "resolved": "https://registry.npmjs.org/inherits/-/inherits-2.0.4.tgz",
      "integrity": "sha512-k/vGaX4/Yla3WzyMCvTQOXYeIHvqOKtnqBduzTHpzpQZzAskKMhZ2K+EnBiSM9zGSoIFeMpXKxa4dYeZIQqewQ==",
      "dev": true
    },
    "js-tokens": {
      "version": "4.0.0",
      "resolved": "https://registry.npmjs.org/js-tokens/-/js-tokens-4.0.0.tgz",
      "integrity": "sha512-RdJUflcE3cUzKiMqQgsCu06FPu9UdIJO0beYbPhHN4k6apgJtifcoCtT9bcxOpYBtpD2kCM6Sbzg4CausW/PKQ=="
    },
    "loose-envify": {
      "version": "1.4.0",
      "resolved": "https://registry.npmjs.org/loose-envify/-/loose-envify-1.4.0.tgz",
      "integrity": "sha512-lyuxPGr/Wfhrlem2CL/UcnUc1zcqKAImBDzukY7Y5F/yQiNdko6+fRLevlw1HgMySw7f611UIY408EtxRSoK3Q==",
      "requires": {
        "js-tokens": "^3.0.0 || ^4.0.0"
      }
    },
    "minimatch": {
      "version": "5.1.0",
      "resolved": "https://registry.npmjs.org/minimatch/-/minimatch-5.1.0.tgz",
      "integrity": "sha512-9TPBGGak4nHfGZsPBohm9AWg6NoT7QTCehS3BIJABslyZbzxfV78QM2Y6+i741OPZIafFAaiiEMh5OyIrJPgtg==",
      "dev": true,
      "requires": {
        "brace-expansion": "^2.0.1"
      }
    },
    "once": {
      "version": "1.4.0",
      "resolved": "https://registry.npmjs.org/once/-/once-1.4.0.tgz",
      "integrity": "sha1-WDsap3WWHUsROsF9nFC6753Xa9E=",
      "dev": true,
      "requires": {
        "wrappy": "1"
      }
    },
    "react": {
      "version": "18.1.0",
      "resolved": "https://registry.npmjs.org/react/-/react-18.1.0.tgz",
      "integrity": "sha512-4oL8ivCz5ZEPyclFQXaNksK3adutVS8l2xzZU0cqEFrE9Sb7fC0EFK5uEk74wIreL1DERyjvsU915j1pcT2uEQ==",
      "requires": {
        "loose-envify": "^1.1.0"
      }
    },
    "react-dom": {
      "version": "18.1.0",
      "resolved": "https://registry.npmjs.org/react-dom/-/react-dom-18.1.0.tgz",
      "integrity": "sha512-fU1Txz7Budmvamp7bshe4Zi32d0ll7ect+ccxNu9FlObT605GOEB8BfO4tmRJ39R5Zj831VCpvQ05QPBW5yb+w==",
      "requires": {
        "loose-envify": "^1.1.0",
        "scheduler": "^0.22.0"
      }
    },
    "scheduler": {
      "version": "0.22.0",
      "resolved": "https://registry.npmjs.org/scheduler/-/scheduler-0.22.0.tgz",
      "integrity": "sha512-6QAm1BgQI88NPYymgGQLCZgvep4FyePDWFpXVK+zNSUgHwlqpJy8VEh8Et0KxTACS4VWwMousBElAZOH9nkkoQ==",
      "requires": {
        "loose-envify": "^1.1.0"
      }
    },
    "typescript": {
      "version": "4.8.3",
      "resolved": "https://registry.npmjs.org/typescript/-/typescript-4.8.3.tgz",
      "integrity": "sha512-goMHfm00nWPa8UvR/CPSvykqf6dVV8x/dp0c5mFTMTIu0u0FlGWRioyy7Nn0PGAdHxpJZnuO/ut+PpQ8UiHAig==",
      "dev": true
    },
    "wrappy": {
      "version": "1.0.2",
      "resolved": "https://registry.npmjs.org/wrappy/-/wrappy-1.0.2.tgz",
      "integrity": "sha1-tSQ9jz7BqjXxNkYFvA0QNuMKtp8=",
      "dev": true
    }
  }
}
