{
  "name": "@progress/kendo-themes-html",
  "version": "5.8.1",
  "lockfileVersion": 1,
  "requires": true,
  "dependencies": {
    "@esbuild/linux-loong64": {
      "version": "0.15.7",
      "resolved": "https://registry.npmjs.org/@esbuild/linux-loong64/-/linux-loong64-0.15.7.tgz",
      "integrity": "sha512-IKznSJOsVUuyt7cDzzSZyqBEcZe+7WlBqTVXiF1OXP/4Nm387ToaXZ0fyLwI1iBlI/bzpxVq411QE2/Bt2XWWw==",
      "dev": true,
      "optional": true
    },
    "@types/prop-types": {
      "version": "15.7.5",
      "resolved": "https://registry.npmjs.org/@types/prop-types/-/prop-types-15.7.5.tgz",
      "integrity": "sha512-JCB8C6SnDoQf0cNycqd/35A7MjcnK+ZTqE7judS6o7utxUCg6imJg3QK2qzHKszlTjcj2cn+NwMB2i96ubpj7w==",
      "dev": true
    },
    "@types/react": {
      "version": "18.0.10",
      "resolved": "https://registry.npmjs.org/@types/react/-/react-18.0.10.tgz",
      "integrity": "sha512-dIugadZuIPrRzvIEevIu7A1smqOAjkSMv8qOfwPt9Ve6i6JT/FQcCHyk2qIAxwsQNKZt5/oGR0T4z9h2dXRAkg==",
      "dev": true,
      "requires": {
        "@types/prop-types": "*",
        "@types/scheduler": "*",
        "csstype": "^3.0.2"
      }
    },
    "@types/scheduler": {
      "version": "0.16.2",
      "resolved": "https://registry.npmjs.org/@types/scheduler/-/scheduler-0.16.2.tgz",
      "integrity": "sha512-hppQEBDmlwhFAXKJX2KnWLYu5yMfi91yazPb2l+lbJiwW+wdo1gNeRA+3RgNSO39WYX2euey41KEwnqesU2Jew==",
      "dev": true
    },
    "balanced-match": {
      "version": "1.0.2",
      "resolved": "https://registry.npmjs.org/balanced-match/-/balanced-match-1.0.2.tgz",
      "integrity": "sha512-3oSeUO0TMV67hN1AmbXsK4yaqU7tjiHlbxRDZOpH0KW9+CeX4bRAaX0Anxt0tx2MrpRpWwQaPwIlISEJhYU5Pw==",
      "dev": true
    },
    "brace-expansion": {
      "version": "2.0.1",
      "resolved": "https://registry.npmjs.org/brace-expansion/-/brace-expansion-2.0.1.tgz",
      "integrity": "sha512-XnAIvQ8eM+kC6aULx6wuQiwVsnzsi9d3WxzV3FpWTGA19F621kwdbsAcFKXgKUHZWsy+mY6iL1sHTxWEFCytDA==",
      "dev": true,
      "requires": {
        "balanced-match": "^1.0.0"
      }
    },
    "csstype": {
      "version": "3.1.0",
      "resolved": "https://registry.npmjs.org/csstype/-/csstype-3.1.0.tgz",
      "integrity": "sha512-uX1KG+x9h5hIJsaKR9xHUeUraxf8IODOwq9JLNPq6BwB04a/xgpq3rcx47l5BZu5zBPlgD342tdke3Hom/nJRA==",
      "dev": true
    },
    "esbuild": {
      "version": "0.15.7",
      "resolved": "https://registry.npmjs.org/esbuild/-/esbuild-0.15.7.tgz",
      "integrity": "sha512-7V8tzllIbAQV1M4QoE52ImKu8hT/NLGlGXkiDsbEU5PS6K8Mn09ZnYoS+dcmHxOS9CRsV4IRAMdT3I67IyUNXw==",
      "dev": true,
      "requires": {
        "@esbuild/linux-loong64": "0.15.7",
        "esbuild-android-64": "0.15.7",
        "esbuild-android-arm64": "0.15.7",
        "esbuild-darwin-64": "0.15.7",
        "esbuild-darwin-arm64": "0.15.7",
        "esbuild-freebsd-64": "0.15.7",
        "esbuild-freebsd-arm64": "0.15.7",
        "esbuild-linux-32": "0.15.7",
        "esbuild-linux-64": "0.15.7",
        "esbuild-linux-arm": "0.15.7",
        "esbuild-linux-arm64": "0.15.7",
        "esbuild-linux-mips64le": "0.15.7",
        "esbuild-linux-ppc64le": "0.15.7",
        "esbuild-linux-riscv64": "0.15.7",
        "esbuild-linux-s390x": "0.15.7",
        "esbuild-netbsd-64": "0.15.7",
        "esbuild-openbsd-64": "0.15.7",
        "esbuild-sunos-64": "0.15.7",
        "esbuild-windows-32": "0.15.7",
        "esbuild-windows-64": "0.15.7",
        "esbuild-windows-arm64": "0.15.7"
      }
    },
    "esbuild-android-64": {
      "version": "0.15.7",
      "resolved": "https://registry.npmjs.org/esbuild-android-64/-/esbuild-android-64-0.15.7.tgz",
      "integrity": "sha512-p7rCvdsldhxQr3YHxptf1Jcd86dlhvc3EQmQJaZzzuAxefO9PvcI0GLOa5nCWem1AJ8iMRu9w0r5TG8pHmbi9w==",
      "dev": true,
      "optional": true
    },
    "esbuild-android-arm64": {
      "version": "0.15.7",
      "resolved": "https://registry.npmjs.org/esbuild-android-arm64/-/esbuild-android-arm64-0.15.7.tgz",
      "integrity": "sha512-L775l9ynJT7rVqRM5vo+9w5g2ysbOCfsdLV4CWanTZ1k/9Jb3IYlQ06VCI1edhcosTYJRECQFJa3eAvkx72eyQ==",
      "dev": true,
      "optional": true
    },
    "esbuild-darwin-64": {
      "version": "0.15.7",
      "resolved": "https://registry.npmjs.org/esbuild-darwin-64/-/esbuild-darwin-64-0.15.7.tgz",
      "integrity": "sha512-KGPt3r1c9ww009t2xLB6Vk0YyNOXh7hbjZ3EecHoVDxgtbUlYstMPDaReimKe6eOEfyY4hBEEeTvKwPsiH5WZg==",
      "dev": true,
      "optional": true
    },
    "esbuild-darwin-arm64": {
      "version": "0.15.7",
      "resolved": "https://registry.npmjs.org/esbuild-darwin-arm64/-/esbuild-darwin-arm64-0.15.7.tgz",
      "integrity": "sha512-kBIHvtVqbSGajN88lYMnR3aIleH3ABZLLFLxwL2stiuIGAjGlQW741NxVTpUHQXUmPzxi6POqc9npkXa8AcSZQ==",
      "dev": true,
      "optional": true
    },
    "esbuild-freebsd-64": {
      "version": "0.15.7",
      "resolved": "https://registry.npmjs.org/esbuild-freebsd-64/-/esbuild-freebsd-64-0.15.7.tgz",
      "integrity": "sha512-hESZB91qDLV5MEwNxzMxPfbjAhOmtfsr9Wnuci7pY6TtEh4UDuevmGmkUIjX/b+e/k4tcNBMf7SRQ2mdNuK/HQ==",
      "dev": true,
      "optional": true
    },
    "esbuild-freebsd-arm64": {
      "version": "0.15.7",
      "resolved": "https://registry.npmjs.org/esbuild-freebsd-arm64/-/esbuild-freebsd-arm64-0.15.7.tgz",
      "integrity": "sha512-dLFR0ChH5t+b3J8w0fVKGvtwSLWCv7GYT2Y2jFGulF1L5HftQLzVGN+6pi1SivuiVSmTh28FwUhi9PwQicXI6Q==",
      "dev": true,
      "optional": true
    },
    "esbuild-linux-32": {
      "version": "0.15.7",
      "resolved": "https://registry.npmjs.org/esbuild-linux-32/-/esbuild-linux-32-0.15.7.tgz",
      "integrity": "sha512-v3gT/LsONGUZcjbt2swrMjwxo32NJzk+7sAgtxhGx1+ZmOFaTRXBAi1PPfgpeo/J//Un2jIKm/I+qqeo4caJvg==",
      "dev": true,
      "optional": true
    },
    "esbuild-linux-64": {
      "version": "0.15.7",
      "resolved": "https://registry.npmjs.org/esbuild-linux-64/-/esbuild-linux-64-0.15.7.tgz",
      "integrity": "sha512-LxXEfLAKwOVmm1yecpMmWERBshl+Kv5YJ/1KnyAr6HRHFW8cxOEsEfisD3sVl/RvHyW//lhYUVSuy9jGEfIRAQ==",
      "dev": true,
      "optional": true
    },
    "esbuild-linux-arm": {
      "version": "0.15.7",
      "resolved": "https://registry.npmjs.org/esbuild-linux-arm/-/esbuild-linux-arm-0.15.7.tgz",
      "integrity": "sha512-JKgAHtMR5f75wJTeuNQbyznZZa+pjiUHV7sRZp42UNdyXC6TiUYMW/8z8yIBAr2Fpad8hM1royZKQisqPABPvQ==",
      "dev": true,
      "optional": true
    },
    "esbuild-linux-arm64": {
      "version": "0.15.7",
      "resolved": "https://registry.npmjs.org/esbuild-linux-arm64/-/esbuild-linux-arm64-0.15.7.tgz",
      "integrity": "sha512-P3cfhudpzWDkglutWgXcT2S7Ft7o2e3YDMrP1n0z2dlbUZghUkKCyaWw0zhp4KxEEzt/E7lmrtRu/pGWnwb9vw==",
      "dev": true,
      "optional": true
    },
    "esbuild-linux-mips64le": {
      "version": "0.15.7",
      "resolved": "https://registry.npmjs.org/esbuild-linux-mips64le/-/esbuild-linux-mips64le-0.15.7.tgz",
      "integrity": "sha512-T7XKuxl0VpeFLCJXub6U+iybiqh0kM/bWOTb4qcPyDDwNVhLUiPcGdG2/0S7F93czUZOKP57YiLV8YQewgLHKw==",
      "dev": true,
      "optional": true
    },
    "esbuild-linux-ppc64le": {
      "version": "0.15.7",
      "resolved": "https://registry.npmjs.org/esbuild-linux-ppc64le/-/esbuild-linux-ppc64le-0.15.7.tgz",
      "integrity": "sha512-6mGuC19WpFN7NYbecMIJjeQgvDb5aMuvyk0PDYBJrqAEMkTwg3Z98kEKuCm6THHRnrgsdr7bp4SruSAxEM4eJw==",
      "dev": true,
      "optional": true
    },
    "esbuild-linux-riscv64": {
      "version": "0.15.7",
      "resolved": "https://registry.npmjs.org/esbuild-linux-riscv64/-/esbuild-linux-riscv64-0.15.7.tgz",
      "integrity": "sha512-uUJsezbswAYo/X7OU/P+PuL/EI9WzxsEQXDekfwpQ23uGiooxqoLFAPmXPcRAt941vjlY9jtITEEikWMBr+F/g==",
      "dev": true,
      "optional": true
    },
    "esbuild-linux-s390x": {
      "version": "0.15.7",
      "resolved": "https://registry.npmjs.org/esbuild-linux-s390x/-/esbuild-linux-s390x-0.15.7.tgz",
      "integrity": "sha512-+tO+xOyTNMc34rXlSxK7aCwJgvQyffqEM5MMdNDEeMU3ss0S6wKvbBOQfgd5jRPblfwJ6b+bKiz0g5nABpY0QQ==",
      "dev": true,
      "optional": true
    },
    "esbuild-netbsd-64": {
      "version": "0.15.7",
      "resolved": "https://registry.npmjs.org/esbuild-netbsd-64/-/esbuild-netbsd-64-0.15.7.tgz",
      "integrity": "sha512-yVc4Wz+Pu3cP5hzm5kIygNPrjar/v5WCSoRmIjCPWfBVJkZNb5brEGKUlf+0Y759D48BCWa0WHrWXaNy0DULTQ==",
      "dev": true,
      "optional": true
    },
    "esbuild-openbsd-64": {
      "version": "0.15.7",
      "resolved": "https://registry.npmjs.org/esbuild-openbsd-64/-/esbuild-openbsd-64-0.15.7.tgz",
      "integrity": "sha512-GsimbwC4FSR4lN3wf8XmTQ+r8/0YSQo21rWDL0XFFhLHKlzEA4SsT1Tl8bPYu00IU6UWSJ+b3fG/8SB69rcuEQ==",
      "dev": true,
      "optional": true
    },
    "esbuild-sunos-64": {
      "version": "0.15.7",
      "resolved": "https://registry.npmjs.org/esbuild-sunos-64/-/esbuild-sunos-64-0.15.7.tgz",
      "integrity": "sha512-8CDI1aL/ts0mDGbWzjEOGKXnU7p3rDzggHSBtVryQzkSOsjCHRVe0iFYUuhczlxU1R3LN/E7HgUO4NXzGGP/Ag==",
      "dev": true,
      "optional": true
    },
    "esbuild-windows-32": {
      "version": "0.15.7",
      "resolved": "https://registry.npmjs.org/esbuild-windows-32/-/esbuild-windows-32-0.15.7.tgz",
      "integrity": "sha512-cOnKXUEPS8EGCzRSFa1x6NQjGhGsFlVgjhqGEbLTPsA7x4RRYiy2RKoArNUU4iR2vHmzqS5Gr84MEumO/wxYKA==",
      "dev": true,
      "optional": true
    },
    "esbuild-windows-64": {
      "version": "0.15.7",
      "resolved": "https://registry.npmjs.org/esbuild-windows-64/-/esbuild-windows-64-0.15.7.tgz",
      "integrity": "sha512-7MI08Ec2sTIDv+zH6StNBKO+2hGUYIT42GmFyW6MBBWWtJhTcQLinKS6ldIN1d52MXIbiJ6nXyCJ+LpL4jBm3Q==",
      "dev": true,
      "optional": true
    },
    "esbuild-windows-arm64": {
      "version": "0.15.7",
      "resolved": "https://registry.npmjs.org/esbuild-windows-arm64/-/esbuild-windows-arm64-0.15.7.tgz",
      "integrity": "sha512-R06nmqBlWjKHddhRJYlqDd3Fabx9LFdKcjoOy08YLimwmsswlFBJV4rXzZCxz/b7ZJXvrZgj8DDv1ewE9+StMw==",
      "dev": true,
      "optional": true
    },
    "fs.realpath": {
      "version": "1.0.0",
      "resolved": "https://registry.npmjs.org/fs.realpath/-/fs.realpath-1.0.0.tgz",
      "integrity": "sha1-FQStJSMVjKpA20onh8sBQRmU6k8=",
      "dev": true
    },
    "glob": {
      "version": "8.0.3",
      "resolved": "https://registry.npmjs.org/glob/-/glob-8.0.3.tgz",
      "integrity": "sha512-ull455NHSHI/Y1FqGaaYFaLGkNMMJbavMrEGFXG/PGrg6y7sutWHUHrz6gy6WEBH6akM1M414dWKCNs+IhKdiQ==",
      "dev": true,
      "requires": {
        "fs.realpath": "^1.0.0",
        "inflight": "^1.0.4",
        "inherits": "2",
        "minimatch": "^5.0.1",
        "once": "^1.3.0"
      }
    },
    "inflight": {
      "version": "1.0.6",
      "resolved": "https://registry.npmjs.org/inflight/-/inflight-1.0.6.tgz",
      "integrity": "sha1-Sb1jMdfQLQwJvJEKEHW6gWW1bfk=",
      "dev": true,
      "requires": {
        "once": "^1.3.0",
        "wrappy": "1"
      }
    },
    "inherits": {
      "version": "2.0.4",
      "resolved": "https://registry.npmjs.org/inherits/-/inherits-2.0.4.tgz",
      "integrity": "sha512-k/vGaX4/Yla3WzyMCvTQOXYeIHvqOKtnqBduzTHpzpQZzAskKMhZ2K+EnBiSM9zGSoIFeMpXKxa4dYeZIQqewQ==",
      "dev": true
    },
    "js-tokens": {
      "version": "4.0.0",
      "resolved": "https://registry.npmjs.org/js-tokens/-/js-tokens-4.0.0.tgz",
      "integrity": "sha512-RdJUflcE3cUzKiMqQgsCu06FPu9UdIJO0beYbPhHN4k6apgJtifcoCtT9bcxOpYBtpD2kCM6Sbzg4CausW/PKQ=="
    },
    "loose-envify": {
      "version": "1.4.0",
      "resolved": "https://registry.npmjs.org/loose-envify/-/loose-envify-1.4.0.tgz",
      "integrity": "sha512-lyuxPGr/Wfhrlem2CL/UcnUc1zcqKAImBDzukY7Y5F/yQiNdko6+fRLevlw1HgMySw7f611UIY408EtxRSoK3Q==",
      "requires": {
        "js-tokens": "^3.0.0 || ^4.0.0"
      }
    },
    "minimatch": {
      "version": "5.1.0",
      "resolved": "https://registry.npmjs.org/minimatch/-/minimatch-5.1.0.tgz",
      "integrity": "sha512-9TPBGGak4nHfGZsPBohm9AWg6NoT7QTCehS3BIJABslyZbzxfV78QM2Y6+i741OPZIafFAaiiEMh5OyIrJPgtg==",
      "dev": true,
      "requires": {
        "brace-expansion": "^2.0.1"
      }
    },
    "once": {
      "version": "1.4.0",
      "resolved": "https://registry.npmjs.org/once/-/once-1.4.0.tgz",
      "integrity": "sha1-WDsap3WWHUsROsF9nFC6753Xa9E=",
      "dev": true,
      "requires": {
        "wrappy": "1"
      }
    },
    "react": {
      "version": "18.1.0",
      "resolved": "https://registry.npmjs.org/react/-/react-18.1.0.tgz",
      "integrity": "sha512-4oL8ivCz5ZEPyclFQXaNksK3adutVS8l2xzZU0cqEFrE9Sb7fC0EFK5uEk74wIreL1DERyjvsU915j1pcT2uEQ==",
      "requires": {
        "loose-envify": "^1.1.0"
      }
    },
    "react-dom": {
      "version": "18.1.0",
      "resolved": "https://registry.npmjs.org/react-dom/-/react-dom-18.1.0.tgz",
      "integrity": "sha512-fU1Txz7Budmvamp7bshe4Zi32d0ll7ect+ccxNu9FlObT605GOEB8BfO4tmRJ39R5Zj831VCpvQ05QPBW5yb+w==",
      "requires": {
        "loose-envify": "^1.1.0",
        "scheduler": "^0.22.0"
      }
    },
    "scheduler": {
      "version": "0.22.0",
      "resolved": "https://registry.npmjs.org/scheduler/-/scheduler-0.22.0.tgz",
      "integrity": "sha512-6QAm1BgQI88NPYymgGQLCZgvep4FyePDWFpXVK+zNSUgHwlqpJy8VEh8Et0KxTACS4VWwMousBElAZOH9nkkoQ==",
      "requires": {
        "loose-envify": "^1.1.0"
      }
    },
    "typescript": {
      "version": "4.8.3",
      "resolved": "https://registry.npmjs.org/typescript/-/typescript-4.8.3.tgz",
      "integrity": "sha512-goMHfm00nWPa8UvR/CPSvykqf6dVV8x/dp0c5mFTMTIu0u0FlGWRioyy7Nn0PGAdHxpJZnuO/ut+PpQ8UiHAig==",
      "dev": true
    },
    "wrappy": {
      "version": "1.0.2",
      "resolved": "https://registry.npmjs.org/wrappy/-/wrappy-1.0.2.tgz",
      "integrity": "sha1-tSQ9jz7BqjXxNkYFvA0QNuMKtp8=",
      "dev": true
    }
  }
}
