{
  "name": "@progress/kendo-theme-fluent",
  "version": "6.2.0",
  "lockfileVersion": 1,
  "requires": true,
  "dependencies": {
    "@progress/kendo-font-icons": {
      "version": "1.4.0",
      "resolved": "https://registry.npmjs.org/@progress/kendo-font-icons/-/kendo-font-icons-1.4.0.tgz",
      "integrity": "sha512-+NC522hOYlGWOpDZsDXEDTDeqA+JuD6dpQR/2ZimYGk4ZcfWpywFSZNzIqRDji2AH20dHBHLQMTFEqDC+WBYQA=="
    },
    "@progress/kendo-theme-core": {
      "version": "6.0.4-dev.1",
      "resolved": "https://registry.npmjs.org/@progress/kendo-theme-core/-/kendo-theme-core-6.0.4-dev.1.tgz",
      "integrity": "sha512-PYjI4yhj9SxHoQvdCuqhjOcTGINihPcoGavH+VEIcDhJizRzwXU960v+py26KIKzy7l5YCBMiOR3nD9y3GTLZg=="
    },
    "@progress/kendo-theme-utils": {
      "version": "6.0.4-dev.1",
      "resolved": "https://registry.npmjs.org/@progress/kendo-theme-utils/-/kendo-theme-utils-6.0.4-dev.1.tgz",
      "integrity": "sha512-TUBAuYjQZU77NhLH9l/qrvP5XD1CG19CViNBgstpHbwpoU0eqc1ktEJK+WDgfXnfH1QQFZwI2ankeLEKLlg+nA==",
      "requires": {
        "@progress/kendo-theme-core": "^6.0.4-dev.1"
      }
    }
  }
}
