{
  "name": "@progress/kendo-theme-fluent",
  "version": "6.3.1-dev.0",
  "lockfileVersion": 1,
  "requires": true,
  "dependencies": {
    "@progress/kendo-font-icons": {
      "version": "1.4.2",
      "resolved": "https://registry.npmjs.org/@progress/kendo-font-icons/-/kendo-font-icons-1.4.2.tgz",
      "integrity": "sha512-elrcqNfIDPT5fNsJK9f9aqCMsOTd1U7dGuHIasvPsfKyCj/N+iVvRy6rDfCRrGzVhAwhhwAwEzroZQHOP2vzqw=="
    },
    "@progress/kendo-theme-core": {
      "version": "6.2.0",
      "resolved": "https://registry.npmjs.org/@progress/kendo-theme-core/-/kendo-theme-core-6.2.0.tgz",
      "integrity": "sha512-CSLm1EZQgZ1kVyC4JAMEFojy6wKka3MgL/n7L9Qpn2qCc2HuzqMM7sRCMWENMdTtpKoXj0Km1zyarLx8EQF/Nw=="
    },
    "@progress/kendo-theme-utils": {
      "version": "6.2.0",
      "resolved": "https://registry.npmjs.org/@progress/kendo-theme-utils/-/kendo-theme-utils-6.2.0.tgz",
      "integrity": "sha512-bqGLsHXMrXAlzEa1b4Fw7/IJvxgL+nyCr/xnIVxZWhI2O8DJujK00QQlAyPhNwA13t/rWh/3TrYL+8T9wAls4A==",
      "requires": {
        "@progress/kendo-theme-core": "6.2.0"
      }
    }
  }
}
