{
  "name": "@progress/kendo-theme-classic",
  "version": "6.5.1-dev.0",
  "lockfileVersion": 2,
  "requires": true,
  "packages": {
    "": {
      "name": "@progress/kendo-theme-classic",
      "version": "6.5.1-dev.0",
      "license": "Apache-2.0",
      "dependencies": {
        "@progress/kendo-font-icons": "1.6.0",
        "@progress/kendo-theme-core": "6.5.1-dev.0",
        "@progress/kendo-theme-default": "6.5.1",
        "@progress/kendo-theme-utils": "6.5.1-dev.0"
      }
    },
    "node_modules/@progress/kendo-font-icons": {
      "version": "1.6.0",
      "resolved": "https://registry.npmjs.org/@progress/kendo-font-icons/-/kendo-font-icons-1.6.0.tgz",
      "integrity": "sha512-HBJLDNKVq15zQXW7nZ9lnpAicKlUGQogUWy9/xj+oj0ALobZoX37EDHQrLx1yUH6sUpkdjGUZd+hJWj0JazUnQ=="
    },
    "node_modules/@progress/kendo-theme-core": {
      "version": "6.5.1-dev.0",
      "resolved": "https://registry.npmjs.org/@progress/kendo-theme-core/-/kendo-theme-core-6.5.1-dev.0.tgz",
      "integrity": "sha512-ubhFS1IGuLeNDuGGfG2XSfplWd5mhN6j4IH/eMBQbmti9WkTMUiFebtmkXw6wKDECX8oBAXtkB4K4OraOAT/0w=="
    },
    "node_modules/@progress/kendo-theme-default": {
      "version": "6.5.1-dev.0",
      "resolved": "https://registry.npmjs.org/@progress/kendo-theme-default/-/kendo-theme-default-6.5.1-dev.0.tgz",
      "integrity": "sha512-cJFHeH3rLkxvIQZbxfNE8feYvhCUYVKKvxe34w0RrbITjfmcRzmWUU33JuPA0OEiOAEUM+LGXNPat9LpfWoP3A==",
      "dependencies": {
        "@progress/kendo-font-icons": "1.5.0",
        "@progress/kendo-theme-core": "6.5.1-dev.0",
        "@progress/kendo-theme-utils": "6.5.1-dev.0"
      }
    },
    "node_modules/@progress/kendo-theme-default/node_modules/@progress/kendo-font-icons": {
      "version": "1.5.0",
      "resolved": "https://registry.npmjs.org/@progress/kendo-font-icons/-/kendo-font-icons-1.5.0.tgz",
      "integrity": "sha512-HRf2hg6rxYv/ruE2/SLyyEyEXpSCR34Gl6O7/8TAW0anx5PwxcpLn9HSMme68BDvk2bNRGu5fOjhsSqR7wn3UQ=="
    },
    "node_modules/@progress/kendo-theme-utils": {
      "version": "6.5.1-dev.0",
      "resolved": "https://registry.npmjs.org/@progress/kendo-theme-utils/-/kendo-theme-utils-6.5.1-dev.0.tgz",
      "integrity": "sha512-MAWMfdD8KT1kl+vfH7VAVRjBcvTFiK+upgg6SumzXf2UFbPbZA00RXFNuFtR47ncRetjDX2UqL5M8i7guR45XA==",
      "dependencies": {
        "@progress/kendo-theme-core": "6.5.1-dev.0"
      }
    }
  },
  "dependencies": {
    "@progress/kendo-font-icons": {
      "version": "1.6.0",
      "resolved": "https://registry.npmjs.org/@progress/kendo-font-icons/-/kendo-font-icons-1.6.0.tgz",
      "integrity": "sha512-HBJLDNKVq15zQXW7nZ9lnpAicKlUGQogUWy9/xj+oj0ALobZoX37EDHQrLx1yUH6sUpkdjGUZd+hJWj0JazUnQ=="
    },
    "@progress/kendo-theme-core": {
      "version": "6.5.1-dev.0",
      "resolved": "https://registry.npmjs.org/@progress/kendo-theme-core/-/kendo-theme-core-6.5.1-dev.0.tgz",
      "integrity": "sha512-ubhFS1IGuLeNDuGGfG2XSfplWd5mhN6j4IH/eMBQbmti9WkTMUiFebtmkXw6wKDECX8oBAXtkB4K4OraOAT/0w=="
    },
    "@progress/kendo-theme-default": {
      "version": "6.5.1-dev.0",
      "resolved": "https://registry.npmjs.org/@progress/kendo-theme-default/-/kendo-theme-default-6.5.1-dev.0.tgz",
      "integrity": "sha512-cJFHeH3rLkxvIQZbxfNE8feYvhCUYVKKvxe34w0RrbITjfmcRzmWUU33JuPA0OEiOAEUM+LGXNPat9LpfWoP3A==",
      "requires": {
        "@progress/kendo-font-icons": "1.5.0",
        "@progress/kendo-theme-core": "6.5.1-dev.0",
        "@progress/kendo-theme-utils": "6.5.1-dev.0"
      },
      "dependencies": {
        "@progress/kendo-font-icons": {
          "version": "1.5.0",
          "resolved": "https://registry.npmjs.org/@progress/kendo-font-icons/-/kendo-font-icons-1.5.0.tgz",
          "integrity": "sha512-HRf2hg6rxYv/ruE2/SLyyEyEXpSCR34Gl6O7/8TAW0anx5PwxcpLn9HSMme68BDvk2bNRGu5fOjhsSqR7wn3UQ=="
        }
      }
    },
    "@progress/kendo-theme-utils": {
      "version": "6.5.1-dev.0",
      "resolved": "https://registry.npmjs.org/@progress/kendo-theme-utils/-/kendo-theme-utils-6.5.1-dev.0.tgz",
      "integrity": "sha512-MAWMfdD8KT1kl+vfH7VAVRjBcvTFiK+upgg6SumzXf2UFbPbZA00RXFNuFtR47ncRetjDX2UqL5M8i7guR45XA==",
      "requires": {
        "@progress/kendo-theme-core": "6.5.1-dev.0"
      }
    }
  }
}
