{
  "name": "@progress/kendo-theme-classic",
  "version": "7.0.2",
  "lockfileVersion": 2,
  "requires": true,
  "packages": {
    "": {
      "name": "@progress/kendo-theme-classic",
      "version": "7.0.2",
      "license": "Apache-2.0",
      "dependencies": {
        "@progress/kendo-svg-icons": "2.0.0",
        "@progress/kendo-theme-core": "7.0.2",
        "@progress/kendo-theme-default": "7.0.2",
        "@progress/kendo-theme-utils": "7.0.2"
      }
    },
    "node_modules/@progress/kendo-font-icons": {
      "version": "1.9.0",
      "resolved": "https://registry.npmjs.org/@progress/kendo-font-icons/-/kendo-font-icons-1.9.0.tgz",
      "integrity": "sha512-PoNz7k5IlTJu4cqMY/E2Jg1j6U4RHq5NKCybXnm2cO+Hs9nxNmyB+MZ/rIEEMHKP6a7zrB69IuXu/X3ykNF/tg=="
    },
    "node_modules/@progress/kendo-svg-icons": {
      "version": "2.0.0",
      "resolved": "https://registry.npmjs.org/@progress/kendo-svg-icons/-/kendo-svg-icons-2.0.0.tgz",
      "integrity": "sha512-0eXDk+lgjg6r2TIUBp383sqKQbQZido0S/KnrF3ZEqxJ+rO10K6WSphFINmk0BKqneAaA94RVwPsMb5yOY/PbA=="
    },
    "node_modules/@progress/kendo-theme-core": {
      "version": "7.0.0-dev.0",
      "resolved": "https://registry.npmjs.org/@progress/kendo-theme-core/-/kendo-theme-core-7.0.0-dev.0.tgz",
      "integrity": "sha512-Y6yx2cHUt6InP1iGSWoFQeHzONx73JU5TIJ7NVSN+I1IsjIOTf89wVBzXGE30BIO9a/fUyOr6EvBATGgGYCrUQ=="
    },
    "node_modules/@progress/kendo-theme-default": {
      "version": "7.0.0-dev.0",
      "resolved": "https://registry.npmjs.org/@progress/kendo-theme-default/-/kendo-theme-default-7.0.0-dev.0.tgz",
      "integrity": "sha512-vB3YSbzYIhqbFGXygApE4p05YXD4eL3oRD/2xtXrqDjqB2o7qm9RkOCLhSKPFAP2PlwaX813F5Y8aI5d5BRmZw==",
      "dependencies": {
        "@progress/kendo-font-icons": "1.9.0",
        "@progress/kendo-theme-core": "7.0.0-dev.0",
        "@progress/kendo-theme-utils": "7.0.0-dev.0"
      }
    },
    "node_modules/@progress/kendo-theme-utils": {
      "version": "7.0.0-dev.0",
      "resolved": "https://registry.npmjs.org/@progress/kendo-theme-utils/-/kendo-theme-utils-7.0.0-dev.0.tgz",
      "integrity": "sha512-ERgwPT9unGhnxKMjiXM45kXMBGZCMlc6CYCwp83/MM33lt8dNaL9T9fgADQNEqntYtX+aAjax3ZvPhlucA/YmQ==",
      "dependencies": {
        "@progress/kendo-theme-core": "7.0.0-dev.0"
      }
    }
  },
  "dependencies": {
    "@progress/kendo-font-icons": {
      "version": "1.9.0",
      "resolved": "https://registry.npmjs.org/@progress/kendo-font-icons/-/kendo-font-icons-1.9.0.tgz",
      "integrity": "sha512-PoNz7k5IlTJu4cqMY/E2Jg1j6U4RHq5NKCybXnm2cO+Hs9nxNmyB+MZ/rIEEMHKP6a7zrB69IuXu/X3ykNF/tg=="
    },
    "@progress/kendo-svg-icons": {
      "version": "2.0.0",
      "resolved": "https://registry.npmjs.org/@progress/kendo-svg-icons/-/kendo-svg-icons-2.0.0.tgz",
      "integrity": "sha512-0eXDk+lgjg6r2TIUBp383sqKQbQZido0S/KnrF3ZEqxJ+rO10K6WSphFINmk0BKqneAaA94RVwPsMb5yOY/PbA=="
    },
    "@progress/kendo-theme-core": {
      "version": "7.0.0-dev.0",
      "resolved": "https://registry.npmjs.org/@progress/kendo-theme-core/-/kendo-theme-core-7.0.0-dev.0.tgz",
      "integrity": "sha512-Y6yx2cHUt6InP1iGSWoFQeHzONx73JU5TIJ7NVSN+I1IsjIOTf89wVBzXGE30BIO9a/fUyOr6EvBATGgGYCrUQ=="
    },
    "@progress/kendo-theme-default": {
      "version": "7.0.0-dev.0",
      "resolved": "https://registry.npmjs.org/@progress/kendo-theme-default/-/kendo-theme-default-7.0.0-dev.0.tgz",
      "integrity": "sha512-vB3YSbzYIhqbFGXygApE4p05YXD4eL3oRD/2xtXrqDjqB2o7qm9RkOCLhSKPFAP2PlwaX813F5Y8aI5d5BRmZw==",
      "requires": {
        "@progress/kendo-font-icons": "1.9.0",
        "@progress/kendo-theme-core": "7.0.0-dev.0",
        "@progress/kendo-theme-utils": "7.0.0-dev.0"
      }
    },
    "@progress/kendo-theme-utils": {
      "version": "7.0.0-dev.0",
      "resolved": "https://registry.npmjs.org/@progress/kendo-theme-utils/-/kendo-theme-utils-7.0.0-dev.0.tgz",
      "integrity": "sha512-ERgwPT9unGhnxKMjiXM45kXMBGZCMlc6CYCwp83/MM33lt8dNaL9T9fgADQNEqntYtX+aAjax3ZvPhlucA/YmQ==",
      "requires": {
        "@progress/kendo-theme-core": "7.0.0-dev.0"
      }
    }
  }
}
