{
  "name": "@progress/kendo-theme-classic",
  "version": "6.8.0-dev.0",
  "lockfileVersion": 2,
  "requires": true,
  "packages": {
    "": {
      "name": "@progress/kendo-theme-classic",
      "version": "6.8.0-dev.0",
      "license": "Apache-2.0",
      "dependencies": {
        "@progress/kendo-font-icons": "1.9.0",
        "@progress/kendo-theme-core": "6.8.0-dev.0",
        "@progress/kendo-theme-default": "6.8.0-dev.0",
        "@progress/kendo-theme-utils": "6.8.0-dev.0"
      }
    },
    "node_modules/@progress/kendo-font-icons": {
      "version": "1.9.0",
      "resolved": "https://registry.npmjs.org/@progress/kendo-font-icons/-/kendo-font-icons-1.9.0.tgz",
      "integrity": "sha512-PoNz7k5IlTJu4cqMY/E2Jg1j6U4RHq5NKCybXnm2cO+Hs9nxNmyB+MZ/rIEEMHKP6a7zrB69IuXu/X3ykNF/tg=="
    },
    "node_modules/@progress/kendo-theme-core": {
      "version": "6.7.0-dev.5",
      "resolved": "https://registry.npmjs.org/@progress/kendo-theme-core/-/kendo-theme-core-6.7.0-dev.5.tgz",
      "integrity": "sha512-waH/K05UXJ6NcWJUpC0W0iLQng3VIR6d8kGqCvo8EMcGKOHfvZqQl4tPrm+zrmihL2d1swHG22pE/gSEyaiXZw=="
    },
    "node_modules/@progress/kendo-theme-default": {
      "version": "6.7.0-dev.5",
      "resolved": "https://registry.npmjs.org/@progress/kendo-theme-default/-/kendo-theme-default-6.7.0-dev.5.tgz",
      "integrity": "sha512-KyeF3KX8JbAycg/CEZWawbZwI/u7viS5TItGWgrng2Dy1epUH9bRAY3uVqwsnuetCubb6ZRUjA4z5O10tjMnWw==",
      "dependencies": {
        "@progress/kendo-font-icons": "1.8.0",
        "@progress/kendo-theme-core": "6.7.0-dev.5",
        "@progress/kendo-theme-utils": "6.7.0-dev.5"
      }
    },
    "node_modules/@progress/kendo-theme-default/node_modules/@progress/kendo-font-icons": {
      "version": "1.8.0",
      "resolved": "https://registry.npmjs.org/@progress/kendo-font-icons/-/kendo-font-icons-1.8.0.tgz",
      "integrity": "sha512-tXAbiVWTN0CHCN5Q4CjcCIAswMgngi1wQT7pJl4nfxuP0rB/bL3wRKcwkdqlu80pTfasuEqmXdxLO/vRsPvPOw=="
    },
    "node_modules/@progress/kendo-theme-utils": {
      "version": "6.7.0-dev.5",
      "resolved": "https://registry.npmjs.org/@progress/kendo-theme-utils/-/kendo-theme-utils-6.7.0-dev.5.tgz",
      "integrity": "sha512-V3A0orOXNMOC4brxIL9bduPYgBmVqho4Y+svPj1ojfZw1tMzD5D/J3NjqDmT6qMkS1XBaNwlychoJlFSwsAQtg==",
      "dependencies": {
        "@progress/kendo-theme-core": "6.7.0-dev.5"
      }
    }
  },
  "dependencies": {
    "@progress/kendo-font-icons": {
      "version": "1.9.0",
      "resolved": "https://registry.npmjs.org/@progress/kendo-font-icons/-/kendo-font-icons-1.9.0.tgz",
      "integrity": "sha512-PoNz7k5IlTJu4cqMY/E2Jg1j6U4RHq5NKCybXnm2cO+Hs9nxNmyB+MZ/rIEEMHKP6a7zrB69IuXu/X3ykNF/tg=="
    },
    "@progress/kendo-theme-core": {
      "version": "6.7.0-dev.5",
      "resolved": "https://registry.npmjs.org/@progress/kendo-theme-core/-/kendo-theme-core-6.7.0-dev.5.tgz",
      "integrity": "sha512-waH/K05UXJ6NcWJUpC0W0iLQng3VIR6d8kGqCvo8EMcGKOHfvZqQl4tPrm+zrmihL2d1swHG22pE/gSEyaiXZw=="
    },
    "@progress/kendo-theme-default": {
      "version": "6.7.0-dev.5",
      "resolved": "https://registry.npmjs.org/@progress/kendo-theme-default/-/kendo-theme-default-6.7.0-dev.5.tgz",
      "integrity": "sha512-KyeF3KX8JbAycg/CEZWawbZwI/u7viS5TItGWgrng2Dy1epUH9bRAY3uVqwsnuetCubb6ZRUjA4z5O10tjMnWw==",
      "requires": {
        "@progress/kendo-font-icons": "1.8.0",
        "@progress/kendo-theme-core": "6.7.0-dev.5",
        "@progress/kendo-theme-utils": "6.7.0-dev.5"
      },
      "dependencies": {
        "@progress/kendo-font-icons": {
          "version": "1.8.0",
          "resolved": "https://registry.npmjs.org/@progress/kendo-font-icons/-/kendo-font-icons-1.8.0.tgz",
          "integrity": "sha512-tXAbiVWTN0CHCN5Q4CjcCIAswMgngi1wQT7pJl4nfxuP0rB/bL3wRKcwkdqlu80pTfasuEqmXdxLO/vRsPvPOw=="
        }
      }
    },
    "@progress/kendo-theme-utils": {
      "version": "6.7.0-dev.5",
      "resolved": "https://registry.npmjs.org/@progress/kendo-theme-utils/-/kendo-theme-utils-6.7.0-dev.5.tgz",
      "integrity": "sha512-V3A0orOXNMOC4brxIL9bduPYgBmVqho4Y+svPj1ojfZw1tMzD5D/J3NjqDmT6qMkS1XBaNwlychoJlFSwsAQtg==",
      "requires": {
        "@progress/kendo-theme-core": "6.7.0-dev.5"
      }
    }
  }
}
