{
  "name": "@progress/kendo-theme-material",
  "version": "6.7.0-dev.4",
  "lockfileVersion": 2,
  "requires": true,
  "packages": {
    "": {
      "name": "@progress/kendo-theme-material",
      "version": "6.7.0-dev.4",
      "license": "Apache-2.0",
      "dependencies": {
        "@progress/kendo-font-icons": "1.8.0",
        "@progress/kendo-theme-core": "6.7.0-dev.4",
        "@progress/kendo-theme-default": "6.7.0-dev.4",
        "@progress/kendo-theme-utils": "6.7.0-dev.4"
      }
    },
    "node_modules/@progress/kendo-font-icons": {
      "version": "1.8.0",
      "resolved": "https://registry.npmjs.org/@progress/kendo-font-icons/-/kendo-font-icons-1.8.0.tgz",
      "integrity": "sha512-tXAbiVWTN0CHCN5Q4CjcCIAswMgngi1wQT7pJl4nfxuP0rB/bL3wRKcwkdqlu80pTfasuEqmXdxLO/vRsPvPOw=="
    },
    "node_modules/@progress/kendo-theme-core": {
      "version": "6.5.1",
      "resolved": "https://registry.npmjs.org/@progress/kendo-theme-core/-/kendo-theme-core-6.5.1.tgz",
      "integrity": "sha512-6Q8eFJQSNsmzjtKeYykw4qj7BQ+F/Wz9j4dgiqLBZjVgB8vQHLXutOR0vGCMt7sQY/aYp8WAGapbSiobCX9KMQ=="
    },
    "node_modules/@progress/kendo-theme-default": {
      "version": "6.5.1",
      "resolved": "https://registry.npmjs.org/@progress/kendo-theme-default/-/kendo-theme-default-6.5.1.tgz",
      "integrity": "sha512-rV3s8S3w6xMnET6rsHeq7F6DPb0KT7RdyeSmn49OtMRXkjXyKnmD+9eoAIDFoMh1gUSEKJf796WB/2KNUprjCg==",
      "dependencies": {
        "@progress/kendo-font-icons": "1.7.0",
        "@progress/kendo-theme-core": "6.5.1",
        "@progress/kendo-theme-utils": "6.5.1"
      }
    },
    "node_modules/@progress/kendo-theme-default/node_modules/@progress/kendo-font-icons": {
      "version": "1.7.0",
      "resolved": "https://registry.npmjs.org/@progress/kendo-font-icons/-/kendo-font-icons-1.7.0.tgz",
      "integrity": "sha512-OyP11ZsHrBChrbe+NrMEAv46KdsH2TOmog2Xs1LhColwsZc2Zw8flw7Jl7qmrk8gxaKE5zDXL3upK2ac3osnJA=="
    },
    "node_modules/@progress/kendo-theme-utils": {
      "version": "6.5.1",
      "resolved": "https://registry.npmjs.org/@progress/kendo-theme-utils/-/kendo-theme-utils-6.5.1.tgz",
      "integrity": "sha512-0VxdhfPhBQQbb4xuwRIhdD2WSw9vuzAENd6tyhdkl51ffJkpWCKbl/rlyR2Z/EYyH9DIPWkBStMWI88IQWKdkQ==",
      "dependencies": {
        "@progress/kendo-theme-core": "6.5.1"
      }
    }
  },
  "dependencies": {
    "@progress/kendo-font-icons": {
      "version": "1.8.0",
      "resolved": "https://registry.npmjs.org/@progress/kendo-font-icons/-/kendo-font-icons-1.8.0.tgz",
      "integrity": "sha512-tXAbiVWTN0CHCN5Q4CjcCIAswMgngi1wQT7pJl4nfxuP0rB/bL3wRKcwkdqlu80pTfasuEqmXdxLO/vRsPvPOw=="
    },
    "@progress/kendo-theme-core": {
      "version": "6.5.1",
      "resolved": "https://registry.npmjs.org/@progress/kendo-theme-core/-/kendo-theme-core-6.5.1.tgz",
      "integrity": "sha512-6Q8eFJQSNsmzjtKeYykw4qj7BQ+F/Wz9j4dgiqLBZjVgB8vQHLXutOR0vGCMt7sQY/aYp8WAGapbSiobCX9KMQ=="
    },
    "@progress/kendo-theme-default": {
      "version": "6.5.1",
      "resolved": "https://registry.npmjs.org/@progress/kendo-theme-default/-/kendo-theme-default-6.5.1.tgz",
      "integrity": "sha512-rV3s8S3w6xMnET6rsHeq7F6DPb0KT7RdyeSmn49OtMRXkjXyKnmD+9eoAIDFoMh1gUSEKJf796WB/2KNUprjCg==",
      "requires": {
        "@progress/kendo-font-icons": "1.7.0",
        "@progress/kendo-theme-core": "6.5.1",
        "@progress/kendo-theme-utils": "6.5.1"
      },
      "dependencies": {
        "@progress/kendo-font-icons": {
          "version": "1.7.0",
          "resolved": "https://registry.npmjs.org/@progress/kendo-font-icons/-/kendo-font-icons-1.7.0.tgz",
          "integrity": "sha512-OyP11ZsHrBChrbe+NrMEAv46KdsH2TOmog2Xs1LhColwsZc2Zw8flw7Jl7qmrk8gxaKE5zDXL3upK2ac3osnJA=="
        }
      }
    },
    "@progress/kendo-theme-utils": {
      "version": "6.5.1",
      "resolved": "https://registry.npmjs.org/@progress/kendo-theme-utils/-/kendo-theme-utils-6.5.1.tgz",
      "integrity": "sha512-0VxdhfPhBQQbb4xuwRIhdD2WSw9vuzAENd6tyhdkl51ffJkpWCKbl/rlyR2Z/EYyH9DIPWkBStMWI88IQWKdkQ==",
      "requires": {
        "@progress/kendo-theme-core": "6.5.1"
      }
    }
  }
}
