{
  "name": "@progress/kendo-theme-material",
  "version": "5.12.1-dev.1",
  "lockfileVersion": 1,
  "requires": true,
  "dependencies": {
    "@progress/kendo-font-icons": {
      "version": "0.6.0",
      "resolved": "https://registry.npmjs.org/@progress/kendo-font-icons/-/kendo-font-icons-0.6.0.tgz",
      "integrity": "sha512-GRel8CUm2pnBFmjo2OzY+phqP7bMrt4K4VV7IVcqmMXfge0qYwIt8WPjm5GsqpcYNjCQDUsCCmcJdQ+hnudG5g=="
    },
    "@progress/kendo-theme-core": {
      "version": "5.12.0",
      "resolved": "https://registry.npmjs.org/@progress/kendo-theme-core/-/kendo-theme-core-5.12.0.tgz",
      "integrity": "sha512-wTMIjeD2hWtx3UxiuX8ZIFd7bEnfXiPAOiELUR/9AhC2UoSomLNbNTknp5H2J42dkvCeRK7dELTqpqSjA4eA1w=="
    },
    "@progress/kendo-theme-default": {
      "version": "5.12.0",
      "resolved": "https://registry.npmjs.org/@progress/kendo-theme-default/-/kendo-theme-default-5.12.0.tgz",
      "integrity": "sha512-l73otho7Jez6eC2sf/Dy3zFYTZFlgm1FnMg4TtYXwOvTqXXSzgshXZhy6Iq3dvvp6/2EW2YFgxKyaU4cTD50gg==",
      "requires": {
        "@progress/kendo-font-icons": "^0.6.0",
        "@progress/kendo-theme-core": "^5.12.0",
        "@progress/kendo-theme-utils": "^5.12.0"
      }
    },
    "@progress/kendo-theme-utils": {
      "version": "5.12.0",
      "resolved": "https://registry.npmjs.org/@progress/kendo-theme-utils/-/kendo-theme-utils-5.12.0.tgz",
      "integrity": "sha512-l3QZ4kSj+zH2Hjzk1AeoUqlX1cjF/8XsUf9VVHvsBNqUra7Qu51SYLsa27v050kw515kCDZK3x2gBVUiuQ42ZA==",
      "requires": {
        "@progress/kendo-theme-core": "^5.12.0"
      }
    }
  }
}
