{
  "name": "@progress/kendo-theme-default",
  "version": "6.7.0-dev.0",
  "lockfileVersion": 2,
  "requires": true,
  "packages": {
    "": {
      "name": "@progress/kendo-theme-default",
      "version": "6.7.0-dev.0",
      "license": "Apache-2.0",
      "dependencies": {
        "@progress/kendo-font-icons": "1.8.0",
        "@progress/kendo-theme-core": "6.7.0-dev.0",
        "@progress/kendo-theme-default": "6.7.0-dev.0",
        "@progress/kendo-theme-utils": "6.7.0-dev.0"
      }
    },
    "node_modules/@progress/kendo-font-icons": {
      "version": "1.8.0",
      "resolved": "https://registry.npmjs.org/@progress/kendo-font-icons/-/kendo-font-icons-1.8.0.tgz",
      "integrity": "sha512-tXAbiVWTN0CHCN5Q4CjcCIAswMgngi1wQT7pJl4nfxuP0rB/bL3wRKcwkdqlu80pTfasuEqmXdxLO/vRsPvPOw=="
    },
    "node_modules/@progress/kendo-theme-core": {
      "version": "6.7.0-dev.0",
      "resolved": "https://registry.npmjs.org/@progress/kendo-theme-core/-/kendo-theme-core-6.7.0-dev.0.tgz",
      "integrity": "sha512-drvhnr9jHRhZsudgnJUyCMCI2k+iXmjI/YMM/Tq8G1HjCaOgDcyUKHLXnnCDD4qZuWDgA5brqvK7e9n/ska29Q=="
    },
    "node_modules/@progress/kendo-theme-default": {
      "version": "6.7.0-dev.0",
      "resolved": "https://registry.npmjs.org/@progress/kendo-theme-default/-/kendo-theme-default-6.7.0-dev.0.tgz",
      "integrity": "sha512-LaFb9mqL3R7Ai3aFcIHSJO5+xiCT7O1mun5cH+2FZojn+EHrm/ERzdtMZH8DQ4gB0k40GpJIz7lnHaJYTevdCg==",
      "dependencies": {
        "@progress/kendo-font-icons": "1.8.0",
        "@progress/kendo-theme-core": "6.7.0-dev.0",
        "@progress/kendo-theme-utils": "6.7.0-dev.0"
      }
    },
    "node_modules/@progress/kendo-theme-utils": {
      "version": "6.7.0-dev.0",
      "resolved": "https://registry.npmjs.org/@progress/kendo-theme-utils/-/kendo-theme-utils-6.7.0-dev.0.tgz",
      "integrity": "sha512-W4486P+iARl2C0w8kBnK2mrsRYi1tWXXj9mV5nRpaDsG3o9VyK0628IGcwhfvZd/Hz4SO8lRs9bTwB+ouTIbAw==",
      "dependencies": {
        "@progress/kendo-theme-core": "6.7.0-dev.0"
      }
    }
  },
  "dependencies": {
    "@progress/kendo-font-icons": {
      "version": "1.8.0",
      "resolved": "https://registry.npmjs.org/@progress/kendo-font-icons/-/kendo-font-icons-1.8.0.tgz",
      "integrity": "sha512-tXAbiVWTN0CHCN5Q4CjcCIAswMgngi1wQT7pJl4nfxuP0rB/bL3wRKcwkdqlu80pTfasuEqmXdxLO/vRsPvPOw=="
    },
    "@progress/kendo-theme-core": {
      "version": "6.7.0-dev.0",
      "resolved": "https://registry.npmjs.org/@progress/kendo-theme-core/-/kendo-theme-core-6.7.0-dev.0.tgz",
      "integrity": "sha512-drvhnr9jHRhZsudgnJUyCMCI2k+iXmjI/YMM/Tq8G1HjCaOgDcyUKHLXnnCDD4qZuWDgA5brqvK7e9n/ska29Q=="
    },
    "@progress/kendo-theme-default": {
      "version": "6.7.0-dev.0",
      "resolved": "https://registry.npmjs.org/@progress/kendo-theme-default/-/kendo-theme-default-6.7.0-dev.0.tgz",
      "integrity": "sha512-LaFb9mqL3R7Ai3aFcIHSJO5+xiCT7O1mun5cH+2FZojn+EHrm/ERzdtMZH8DQ4gB0k40GpJIz7lnHaJYTevdCg==",
      "requires": {
        "@progress/kendo-font-icons": "1.8.0",
        "@progress/kendo-theme-core": "6.7.0-dev.0",
        "@progress/kendo-theme-utils": "6.7.0-dev.0"
      }
    },
    "@progress/kendo-theme-utils": {
      "version": "6.7.0-dev.0",
      "resolved": "https://registry.npmjs.org/@progress/kendo-theme-utils/-/kendo-theme-utils-6.7.0-dev.0.tgz",
      "integrity": "sha512-W4486P+iARl2C0w8kBnK2mrsRYi1tWXXj9mV5nRpaDsG3o9VyK0628IGcwhfvZd/Hz4SO8lRs9bTwB+ouTIbAw==",
      "requires": {
        "@progress/kendo-theme-core": "6.7.0-dev.0"
      }
    }
  }
}
