{
  "name": "@progress/kendo-theme-default",
  "version": "6.0.0",
  "lockfileVersion": 1,
  "requires": true,
  "dependencies": {
    "@progress/kendo-font-icons": {
      "version": "1.0.0",
      "resolved": "https://registry.npmjs.org/@progress/kendo-font-icons/-/kendo-font-icons-1.0.0.tgz",
      "integrity": "sha512-36Rr4/l5NLkAv/U4L9Rv1ailSzAr1v2X4fpHZdtKUaYvqt7wAWTgWrOrXL3EUXWsxYwsh9cyu4GyiOBo28Fcpw=="
    },
    "@progress/kendo-theme-core": {
      "version": "5.12.1-dev.1",
      "resolved": "https://registry.npmjs.org/@progress/kendo-theme-core/-/kendo-theme-core-5.12.1-dev.1.tgz",
      "integrity": "sha512-BEfF1nsH/ywr62SwZwScD5A/fx/CV8kDa0UB09F6qMTmzV5bxsAsWYa1RqnFnPsZ94Em+IRiMOkvBbk6D579ow=="
    },
    "@progress/kendo-theme-utils": {
      "version": "5.12.1-dev.1",
      "resolved": "https://registry.npmjs.org/@progress/kendo-theme-utils/-/kendo-theme-utils-5.12.1-dev.1.tgz",
      "integrity": "sha512-gq6JcmhjCjBSl/8fBbhLBLnf8mZ0OBdcl5buxfUT8gyk6ukTdykqGpnS4f9nRcFvLpJ7i4HrZeksr6uhypw3Cg==",
      "requires": {
        "@progress/kendo-theme-core": "^5.12.1-dev.1"
      }
    }
  }
}
