{
  "name": "units",
  "version": "1.0.0",
  "lockfileVersion": 3,
  "requires": true,
  "packages": {
    "": {
      "name": "units",
      "version": "1.0.0",
      "devDependencies": {
        "jest-environment-jsdom": "^30.0.5"
      }
    },
    "node_modules/@asamuzakjp/css-color": {
      "version": "3.2.0",
      "resolved": "https://registry.npmjs.org/@asamuzakjp/css-color/-/css-color-3.2.0.tgz",
      "integrity": "sha512-K1A6z8tS3XsmCMM86xoWdn7Fkdn9m6RSVtocUrJYIwZnFVkng/PvkEoWtOWmP+Scc6saYWHWZYbndEEXxl24jw==",
      "dev": true,
      "license": "MIT",
      "dependencies": {
        "@csstools/css-calc": "^2.1.3",
        "@csstools/css-color-parser": "^3.0.9",
        "@csstools/css-parser-algorithms": "^3.0.4",
        "@csstools/css-tokenizer": "^3.0.3",
        "lru-cache": "^10.4.3"
      }
    },
    "node_modules/@babel/code-frame": {
      "version": "7.27.1",
      "resolved": "https://registry.npmjs.org/@babel/code-frame/-/code-frame-7.27.1.tgz",
      "integrity": "sha512-cjQ7ZlQ0Mv3b47hABuTevyTuYN4i+loJKGeV9flcCgIK37cCXRh+L1bd3iBHlynerhQ7BhCkn2BPbQUL+rGqFg==",
      "dev": true,
      "license": "MIT",
      "dependencies": {
        "@babel/helper-validator-identifier": "^7.27.1",
        "js-tokens": "^4.0.0",
        "picocolors": "^1.1.1"
      },
      "engines": {
        "node": ">=6.9.0"
      }
    },
    "node_modules/@babel/helper-validator-identifier": {
      "version": "7.27.1",
      "resolved": "https://registry.npmjs.org/@babel/helper-validator-identifier/-/helper-validator-identifier-7.27.1.tgz",
      "integrity": "sha512-D2hP9eA+Sqx1kBZgzxZh0y1trbuU+JoDkiEwqhQ36nodYqJwyEIhPSdMNd7lOm/4io72luTPWH20Yda0xOuUow==",
      "dev": true,
      "license": "MIT",
      "engines": {
        "node": ">=6.9.0"
      }
    },
    "node_modules/@csstools/color-helpers": {
      "version": "5.0.2",
      "resolved": "https://registry.npmjs.org/@csstools/color-helpers/-/color-helpers-5.0.2.tgz",
      "integrity": "sha512-JqWH1vsgdGcw2RR6VliXXdA0/59LttzlU8UlRT/iUUsEeWfYq8I+K0yhihEUTTHLRm1EXvpsCx3083EU15ecsA==",
      "dev": true,
      "funding": [
        {
          "type": "github",
          "url": "https://github.com/sponsors/csstools"
        },
        {
          "type": "opencollective",
          "url": "https://opencollective.com/csstools"
        }
      ],
      "license": "MIT-0",
      "engines": {
        "node": ">=18"
      }
    },
    "node_modules/@csstools/css-calc": {
      "version": "2.1.4",
      "resolved": "https://registry.npmjs.org/@csstools/css-calc/-/css-calc-2.1.4.tgz",
      "integrity": "sha512-3N8oaj+0juUw/1H3YwmDDJXCgTB1gKU6Hc/bB502u9zR0q2vd786XJH9QfrKIEgFlZmhZiq6epXl4rHqhzsIgQ==",
      "dev": true,
      "funding": [
        {
          "type": "github",
          "url": "https://github.com/sponsors/csstools"
        },
        {
          "type": "opencollective",
          "url": "https://opencollective.com/csstools"
        }
      ],
      "license": "MIT",
      "engines": {
        "node": ">=18"
      },
      "peerDependencies": {
        "@csstools/css-parser-algorithms": "^3.0.5",
        "@csstools/css-tokenizer": "^3.0.4"
      }
    },
    "node_modules/@csstools/css-color-parser": {
      "version": "3.0.10",
      "resolved": "https://registry.npmjs.org/@csstools/css-color-parser/-/css-color-parser-3.0.10.tgz",
      "integrity": "sha512-TiJ5Ajr6WRd1r8HSiwJvZBiJOqtH86aHpUjq5aEKWHiII2Qfjqd/HCWKPOW8EP4vcspXbHnXrwIDlu5savQipg==",
      "dev": true,
      "funding": [
        {
          "type": "github",
          "url": "https://github.com/sponsors/csstools"
        },
        {
          "type": "opencollective",
          "url": "https://opencollective.com/csstools"
        }
      ],
      "license": "MIT",
      "dependencies": {
        "@csstools/color-helpers": "^5.0.2",
        "@csstools/css-calc": "^2.1.4"
      },
      "engines": {
        "node": ">=18"
      },
      "peerDependencies": {
        "@csstools/css-parser-algorithms": "^3.0.5",
        "@csstools/css-tokenizer": "^3.0.4"
      }
    },
    "node_modules/@csstools/css-parser-algorithms": {
      "version": "3.0.5",
      "resolved": "https://registry.npmjs.org/@csstools/css-parser-algorithms/-/css-parser-algorithms-3.0.5.tgz",
      "integrity": "sha512-DaDeUkXZKjdGhgYaHNJTV9pV7Y9B3b644jCLs9Upc3VeNGg6LWARAT6O+Q+/COo+2gg/bM5rhpMAtf70WqfBdQ==",
      "dev": true,
      "funding": [
        {
          "type": "github",
          "url": "https://github.com/sponsors/csstools"
        },
        {
          "type": "opencollective",
          "url": "https://opencollective.com/csstools"
        }
      ],
      "license": "MIT",
      "engines": {
        "node": ">=18"
      },
      "peerDependencies": {
        "@csstools/css-tokenizer": "^3.0.4"
      }
    },
    "node_modules/@csstools/css-tokenizer": {
      "version": "3.0.4",
      "resolved": "https://registry.npmjs.org/@csstools/css-tokenizer/-/css-tokenizer-3.0.4.tgz",
      "integrity": "sha512-Vd/9EVDiu6PPJt9yAh6roZP6El1xHrdvIVGjyBsHR0RYwNHgL7FJPyIIW4fANJNG6FtyZfvlRPpFI4ZM/lubvw==",
      "dev": true,
      "funding": [
        {
          "type": "github",
          "url": "https://github.com/sponsors/csstools"
        },
        {
          "type": "opencollective",
          "url": "https://opencollective.com/csstools"
        }
      ],
      "license": "MIT",
      "engines": {
        "node": ">=18"
      }
    },
    "node_modules/@jest/environment": {
      "version": "30.0.5",
      "resolved": "https://registry.npmjs.org/@jest/environment/-/environment-30.0.5.tgz",
      "integrity": "sha512-aRX7WoaWx1oaOkDQvCWImVQ8XNtdv5sEWgk4gxR6NXb7WBUnL5sRak4WRzIQRZ1VTWPvV4VI4mgGjNL9TeKMYA==",
      "dev": true,
      "license": "MIT",
      "dependencies": {
        "@jest/fake-timers": "30.0.5",
        "@jest/types": "30.0.5",
        "@types/node": "*",
        "jest-mock": "30.0.5"
      },
      "engines": {
        "node": "^18.14.0 || ^20.0.0 || ^22.0.0 || >=24.0.0"
      }
    },
    "node_modules/@jest/environment-jsdom-abstract": {
      "version": "30.0.5",
      "resolved": "https://registry.npmjs.org/@jest/environment-jsdom-abstract/-/environment-jsdom-abstract-30.0.5.tgz",
      "integrity": "sha512-gpWwiVxZunkoglP8DCnT3As9x5O8H6gveAOpvaJd2ATAoSh7ZSSCWbr9LQtUMvr8WD3VjG9YnDhsmkCK5WN1rQ==",
      "dev": true,
      "license": "MIT",
      "dependencies": {
        "@jest/environment": "30.0.5",
        "@jest/fake-timers": "30.0.5",
        "@jest/types": "30.0.5",
        "@types/jsdom": "^21.1.7",
        "@types/node": "*",
        "jest-mock": "30.0.5",
        "jest-util": "30.0.5"
      },
      "engines": {
        "node": "^18.14.0 || ^20.0.0 || ^22.0.0 || >=24.0.0"
      },
      "peerDependencies": {
        "canvas": "^3.0.0",
        "jsdom": "*"
      },
      "peerDependenciesMeta": {
        "canvas": {
          "optional": true
        }
      }
    },
    "node_modules/@jest/fake-timers": {
      "version": "30.0.5",
      "resolved": "https://registry.npmjs.org/@jest/fake-timers/-/fake-timers-30.0.5.tgz",
      "integrity": "sha512-ZO5DHfNV+kgEAeP3gK3XlpJLL4U3Sz6ebl/n68Uwt64qFFs5bv4bfEEjyRGK5uM0C90ewooNgFuKMdkbEoMEXw==",
      "dev": true,
      "license": "MIT",
      "dependencies": {
        "@jest/types": "30.0.5",
        "@sinonjs/fake-timers": "^13.0.0",
        "@types/node": "*",
        "jest-message-util": "30.0.5",
        "jest-mock": "30.0.5",
        "jest-util": "30.0.5"
      },
      "engines": {
        "node": "^18.14.0 || ^20.0.0 || ^22.0.0 || >=24.0.0"
      }
    },
    "node_modules/@jest/pattern": {
      "version": "30.0.1",
      "resolved": "https://registry.npmjs.org/@jest/pattern/-/pattern-30.0.1.tgz",
      "integrity": "sha512-gWp7NfQW27LaBQz3TITS8L7ZCQ0TLvtmI//4OwlQRx4rnWxcPNIYjxZpDcN4+UlGxgm3jS5QPz8IPTCkb59wZA==",
      "dev": true,
      "license": "MIT",
      "dependencies": {
        "@types/node": "*",
        "jest-regex-util": "30.0.1"
      },
      "engines": {
        "node": "^18.14.0 || ^20.0.0 || ^22.0.0 || >=24.0.0"
      }
    },
    "node_modules/@jest/schemas": {
      "version": "30.0.5",
      "resolved": "https://registry.npmjs.org/@jest/schemas/-/schemas-30.0.5.tgz",
      "integrity": "sha512-DmdYgtezMkh3cpU8/1uyXakv3tJRcmcXxBOcO0tbaozPwpmh4YMsnWrQm9ZmZMfa5ocbxzbFk6O4bDPEc/iAnA==",
      "dev": true,
      "license": "MIT",
      "dependencies": {
        "@sinclair/typebox": "^0.34.0"
      },
      "engines": {
        "node": "^18.14.0 || ^20.0.0 || ^22.0.0 || >=24.0.0"
      }
    },
    "node_modules/@jest/types": {
      "version": "30.0.5",
      "resolved": "https://registry.npmjs.org/@jest/types/-/types-30.0.5.tgz",
      "integrity": "sha512-aREYa3aku9SSnea4aX6bhKn4bgv3AXkgijoQgbYV3yvbiGt6z+MQ85+6mIhx9DsKW2BuB/cLR/A+tcMThx+KLQ==",
      "dev": true,
      "license": "MIT",
      "dependencies": {
        "@jest/pattern": "30.0.1",
        "@jest/schemas": "30.0.5",
        "@types/istanbul-lib-coverage": "^2.0.6",
        "@types/istanbul-reports": "^3.0.4",
        "@types/node": "*",
        "@types/yargs": "^17.0.33",
        "chalk": "^4.1.2"
      },
      "engines": {
        "node": "^18.14.0 || ^20.0.0 || ^22.0.0 || >=24.0.0"
      }
    },
    "node_modules/@sinclair/typebox": {
      "version": "0.34.40",
      "resolved": "https://registry.npmjs.org/@sinclair/typebox/-/typebox-0.34.40.tgz",
      "integrity": "sha512-gwBNIP8ZAYev/ORDWW0QvxdwPXwxBtLsdsJgSc7eDIRt8ubP+rxUBzPsrwnu16fgEF8Bx4lh/+mvQvJzcTM6Kw==",
      "dev": true,
      "license": "MIT"
    },
    "node_modules/@sinonjs/commons": {
      "version": "3.0.1",
      "resolved": "https://registry.npmjs.org/@sinonjs/commons/-/commons-3.0.1.tgz",
      "integrity": "sha512-K3mCHKQ9sVh8o1C9cxkwxaOmXoAMlDxC1mYyHrjqOWEcBjYr76t96zL2zlj5dUGZ3HSw240X1qgH3Mjf1yJWpQ==",
      "dev": true,
      "license": "BSD-3-Clause",
      "dependencies": {
        "type-detect": "4.0.8"
      }
    },
    "node_modules/@sinonjs/fake-timers": {
      "version": "13.0.5",
      "resolved": "https://registry.npmjs.org/@sinonjs/fake-timers/-/fake-timers-13.0.5.tgz",
      "integrity": "sha512-36/hTbH2uaWuGVERyC6da9YwGWnzUZXuPro/F2LfsdOsLnCojz/iSH8MxUt/FD2S5XBSVPhmArFUXcpCQ2Hkiw==",
      "dev": true,
      "license": "BSD-3-Clause",
      "dependencies": {
        "@sinonjs/commons": "^3.0.1"
      }
    },
    "node_modules/@types/istanbul-lib-coverage": {
      "version": "2.0.6",
      "resolved": "https://registry.npmjs.org/@types/istanbul-lib-coverage/-/istanbul-lib-coverage-2.0.6.tgz",
      "integrity": "sha512-2QF/t/auWm0lsy8XtKVPG19v3sSOQlJe/YHZgfjb/KBBHOGSV+J2q/S671rcq9uTBrLAXmZpqJiaQbMT+zNU1w==",
      "dev": true,
      "license": "MIT"
    },
    "node_modules/@types/istanbul-lib-report": {
      "version": "3.0.3",
      "resolved": "https://registry.npmjs.org/@types/istanbul-lib-report/-/istanbul-lib-report-3.0.3.tgz",
      "integrity": "sha512-NQn7AHQnk/RSLOxrBbGyJM/aVQ+pjj5HCgasFxc0K/KhoATfQ/47AyUl15I2yBUpihjmas+a+VJBOqecrFH+uA==",
      "dev": true,
      "license": "MIT",
      "dependencies": {
        "@types/istanbul-lib-coverage": "*"
      }
    },
    "node_modules/@types/istanbul-reports": {
      "version": "3.0.4",
      "resolved": "https://registry.npmjs.org/@types/istanbul-reports/-/istanbul-reports-3.0.4.tgz",
      "integrity": "sha512-pk2B1NWalF9toCRu6gjBzR69syFjP4Od8WRAX+0mmf9lAjCRicLOWc+ZrxZHx/0XRjotgkF9t6iaMJ+aXcOdZQ==",
      "dev": true,
      "license": "MIT",
      "dependencies": {
        "@types/istanbul-lib-report": "*"
      }
    },
    "node_modules/@types/jsdom": {
      "version": "21.1.7",
      "resolved": "https://registry.npmjs.org/@types/jsdom/-/jsdom-21.1.7.tgz",
      "integrity": "sha512-yOriVnggzrnQ3a9OKOCxaVuSug3w3/SbOj5i7VwXWZEyUNl3bLF9V3MfxGbZKuwqJOQyRfqXyROBB1CoZLFWzA==",
      "dev": true,
      "license": "MIT",
      "dependencies": {
        "@types/node": "*",
        "@types/tough-cookie": "*",
        "parse5": "^7.0.0"
      }
    },
    "node_modules/@types/node": {
      "version": "24.3.0",
      "resolved": "https://registry.npmjs.org/@types/node/-/node-24.3.0.tgz",
      "integrity": "sha512-aPTXCrfwnDLj4VvXrm+UUCQjNEvJgNA8s5F1cvwQU+3KNltTOkBm1j30uNLyqqPNe7gE3KFzImYoZEfLhp4Yow==",
      "dev": true,
      "license": "MIT",
      "dependencies": {
        "undici-types": "~7.10.0"
      }
    },
    "node_modules/@types/stack-utils": {
      "version": "2.0.3",
      "resolved": "https://registry.npmjs.org/@types/stack-utils/-/stack-utils-2.0.3.tgz",
      "integrity": "sha512-9aEbYZ3TbYMznPdcdr3SmIrLXwC/AKZXQeCf9Pgao5CKb8CyHuEX5jzWPTkvregvhRJHcpRO6BFoGW9ycaOkYw==",
      "dev": true,
      "license": "MIT"
    },
    "node_modules/@types/tough-cookie": {
      "version": "4.0.5",
      "resolved": "https://registry.npmjs.org/@types/tough-cookie/-/tough-cookie-4.0.5.tgz",
      "integrity": "sha512-/Ad8+nIOV7Rl++6f1BdKxFSMgmoqEoYbHRpPcx3JEfv8VRsQe9Z4mCXeJBzxs7mbHY/XOZZuXlRNfhpVPbs6ZA==",
      "dev": true,
      "license": "MIT"
    },
    "node_modules/@types/yargs": {
      "version": "17.0.33",
      "resolved": "https://registry.npmjs.org/@types/yargs/-/yargs-17.0.33.tgz",
      "integrity": "sha512-WpxBCKWPLr4xSsHgz511rFJAM+wS28w2zEO1QDNY5zM/S8ok70NNfztH0xwhqKyaK0OHCbN98LDAZuy1ctxDkA==",
      "dev": true,
      "license": "MIT",
      "dependencies": {
        "@types/yargs-parser": "*"
      }
    },
    "node_modules/@types/yargs-parser": {
      "version": "21.0.3",
      "resolved": "https://registry.npmjs.org/@types/yargs-parser/-/yargs-parser-21.0.3.tgz",
      "integrity": "sha512-I4q9QU9MQv4oEOz4tAHJtNz1cwuLxn2F3xcc2iV5WdqLPpUnj30aUuxt1mAxYTG+oe8CZMV/+6rU4S4gRDzqtQ==",
      "dev": true,
      "license": "MIT"
    },
    "node_modules/agent-base": {
      "version": "7.1.4",
      "resolved": "https://registry.npmjs.org/agent-base/-/agent-base-7.1.4.tgz",
      "integrity": "sha512-MnA+YT8fwfJPgBx3m60MNqakm30XOkyIoH1y6huTQvC0PwZG7ki8NacLBcrPbNoo8vEZy7Jpuk7+jMO+CUovTQ==",
      "dev": true,
      "license": "MIT",
      "engines": {
        "node": ">= 14"
      }
    },
    "node_modules/ansi-styles": {
      "version": "4.3.0",
      "resolved": "https://registry.npmjs.org/ansi-styles/-/ansi-styles-4.3.0.tgz",
      "integrity": "sha512-zbB9rCJAT1rbjiVDb2hqKFHNYLxgtk8NURxZ3IZwD3F6NtxbXZQCnnSi1Lkx+IDohdPlFp222wVALIheZJQSEg==",
      "dev": true,
      "license": "MIT",
      "dependencies": {
        "color-convert": "^2.0.1"
      },
      "engines": {
        "node": ">=8"
      },
      "funding": {
        "url": "https://github.com/chalk/ansi-styles?sponsor=1"
      }
    },
    "node_modules/braces": {
      "version": "3.0.3",
      "resolved": "https://registry.npmjs.org/braces/-/braces-3.0.3.tgz",
      "integrity": "sha512-yQbXgO/OSZVD2IsiLlro+7Hf6Q18EJrKSEsdoMzKePKXct3gvD8oLcOQdIzGupr5Fj+EDe8gO/lxc1BzfMpxvA==",
      "dev": true,
      "license": "MIT",
      "dependencies": {
        "fill-range": "^7.1.1"
      },
      "engines": {
        "node": ">=8"
      }
    },
    "node_modules/chalk": {
      "version": "4.1.2",
      "resolved": "https://registry.npmjs.org/chalk/-/chalk-4.1.2.tgz",
      "integrity": "sha512-oKnbhFyRIXpUuez8iBMmyEa4nbj4IOQyuhc/wy9kY7/WVPcwIO9VA668Pu8RkO7+0G76SLROeyw9CpQ061i4mA==",
      "dev": true,
      "license": "MIT",
      "dependencies": {
        "ansi-styles": "^4.1.0",
        "supports-color": "^7.1.0"
      },
      "engines": {
        "node": ">=10"
      },
      "funding": {
        "url": "https://github.com/chalk/chalk?sponsor=1"
      }
    },
    "node_modules/ci-info": {
      "version": "4.3.0",
      "resolved": "https://registry.npmjs.org/ci-info/-/ci-info-4.3.0.tgz",
      "integrity": "sha512-l+2bNRMiQgcfILUi33labAZYIWlH1kWDp+ecNo5iisRKrbm0xcRyCww71/YU0Fkw0mAFpz9bJayXPjey6vkmaQ==",
      "dev": true,
      "funding": [
        {
          "type": "github",
          "url": "https://github.com/sponsors/sibiraj-s"
        }
      ],
      "license": "MIT",
      "engines": {
        "node": ">=8"
      }
    },
    "node_modules/color-convert": {
      "version": "2.0.1",
      "resolved": "https://registry.npmjs.org/color-convert/-/color-convert-2.0.1.tgz",
      "integrity": "sha512-RRECPsj7iu/xb5oKYcsFHSppFNnsj/52OVTRKb4zP5onXwVF3zVmmToNcOfGC+CRDpfK/U584fMg38ZHCaElKQ==",
      "dev": true,
      "license": "MIT",
      "dependencies": {
        "color-name": "~1.1.4"
      },
      "engines": {
        "node": ">=7.0.0"
      }
    },
    "node_modules/color-name": {
      "version": "1.1.4",
      "resolved": "https://registry.npmjs.org/color-name/-/color-name-1.1.4.tgz",
      "integrity": "sha512-dOy+3AuW3a2wNbZHIuMZpTcgjGuLU/uBL/ubcZF9OXbDo8ff4O8yVp5Bf0efS8uEoYo5q4Fx7dY9OgQGXgAsQA==",
      "dev": true,
      "license": "MIT"
    },
    "node_modules/cssstyle": {
      "version": "4.6.0",
      "resolved": "https://registry.npmjs.org/cssstyle/-/cssstyle-4.6.0.tgz",
      "integrity": "sha512-2z+rWdzbbSZv6/rhtvzvqeZQHrBaqgogqt85sqFNbabZOuFbCVFb8kPeEtZjiKkbrm395irpNKiYeFeLiQnFPg==",
      "dev": true,
      "license": "MIT",
      "dependencies": {
        "@asamuzakjp/css-color": "^3.2.0",
        "rrweb-cssom": "^0.8.0"
      },
      "engines": {
        "node": ">=18"
      }
    },
    "node_modules/data-urls": {
      "version": "5.0.0",
      "resolved": "https://registry.npmjs.org/data-urls/-/data-urls-5.0.0.tgz",
      "integrity": "sha512-ZYP5VBHshaDAiVZxjbRVcFJpc+4xGgT0bK3vzy1HLN8jTO975HEbuYzZJcHoQEY5K1a0z8YayJkyVETa08eNTg==",
      "dev": true,
      "license": "MIT",
      "dependencies": {
        "whatwg-mimetype": "^4.0.0",
        "whatwg-url": "^14.0.0"
      },
      "engines": {
        "node": ">=18"
      }
    },
    "node_modules/debug": {
      "version": "4.4.1",
      "resolved": "https://registry.npmjs.org/debug/-/debug-4.4.1.tgz",
      "integrity": "sha512-KcKCqiftBJcZr++7ykoDIEwSa3XWowTfNPo92BYxjXiyYEVrUQh2aLyhxBCwww+heortUFxEJYcRzosstTEBYQ==",
      "dev": true,
      "license": "MIT",
      "dependencies": {
        "ms": "^2.1.3"
      },
      "engines": {
        "node": ">=6.0"
      },
      "peerDependenciesMeta": {
        "supports-color": {
          "optional": true
        }
      }
    },
    "node_modules/decimal.js": {
      "version": "10.6.0",
      "resolved": "https://registry.npmjs.org/decimal.js/-/decimal.js-10.6.0.tgz",
      "integrity": "sha512-YpgQiITW3JXGntzdUmyUR1V812Hn8T1YVXhCu+wO3OpS4eU9l4YdD3qjyiKdV6mvV29zapkMeD390UVEf2lkUg==",
      "dev": true,
      "license": "MIT"
    },
    "node_modules/entities": {
      "version": "6.0.1",
      "resolved": "https://registry.npmjs.org/entities/-/entities-6.0.1.tgz",
      "integrity": "sha512-aN97NXWF6AWBTahfVOIrB/NShkzi5H7F9r1s9mD3cDj4Ko5f2qhhVoYMibXF7GlLveb/D2ioWay8lxI97Ven3g==",
      "dev": true,
      "license": "BSD-2-Clause",
      "engines": {
        "node": ">=0.12"
      },
      "funding": {
        "url": "https://github.com/fb55/entities?sponsor=1"
      }
    },
    "node_modules/escape-string-regexp": {
      "version": "2.0.0",
      "resolved": "https://registry.npmjs.org/escape-string-regexp/-/escape-string-regexp-2.0.0.tgz",
      "integrity": "sha512-UpzcLCXolUWcNu5HtVMHYdXJjArjsF9C0aNnquZYY4uW/Vu0miy5YoWvbV345HauVvcAUnpRuhMMcqTcGOY2+w==",
      "dev": true,
      "license": "MIT",
      "engines": {
        "node": ">=8"
      }
    },
    "node_modules/fill-range": {
      "version": "7.1.1",
      "resolved": "https://registry.npmjs.org/fill-range/-/fill-range-7.1.1.tgz",
      "integrity": "sha512-YsGpe3WHLK8ZYi4tWDg2Jy3ebRz2rXowDxnld4bkQB00cc/1Zw9AWnC0i9ztDJitivtQvaI9KaLyKrc+hBW0yg==",
      "dev": true,
      "license": "MIT",
      "dependencies": {
        "to-regex-range": "^5.0.1"
      },
      "engines": {
        "node": ">=8"
      }
    },
    "node_modules/graceful-fs": {
      "version": "4.2.11",
      "resolved": "https://registry.npmjs.org/graceful-fs/-/graceful-fs-4.2.11.tgz",
      "integrity": "sha512-RbJ5/jmFcNNCcDV5o9eTnBLJ/HszWV0P73bc+Ff4nS/rJj+YaS6IGyiOL0VoBYX+l1Wrl3k63h/KrH+nhJ0XvQ==",
      "dev": true,
      "license": "ISC"
    },
    "node_modules/has-flag": {
      "version": "4.0.0",
      "resolved": "https://registry.npmjs.org/has-flag/-/has-flag-4.0.0.tgz",
      "integrity": "sha512-EykJT/Q1KjTWctppgIAgfSO0tKVuZUjhgMr17kqTumMl6Afv3EISleU7qZUzoXDFTAHTDC4NOoG/ZxU3EvlMPQ==",
      "dev": true,
      "license": "MIT",
      "engines": {
        "node": ">=8"
      }
    },
    "node_modules/html-encoding-sniffer": {
      "version": "4.0.0",
      "resolved": "https://registry.npmjs.org/html-encoding-sniffer/-/html-encoding-sniffer-4.0.0.tgz",
      "integrity": "sha512-Y22oTqIU4uuPgEemfz7NDJz6OeKf12Lsu+QC+s3BVpda64lTiMYCyGwg5ki4vFxkMwQdeZDl2adZoqUgdFuTgQ==",
      "dev": true,
      "license": "MIT",
      "dependencies": {
        "whatwg-encoding": "^3.1.1"
      },
      "engines": {
        "node": ">=18"
      }
    },
    "node_modules/http-proxy-agent": {
      "version": "7.0.2",
      "resolved": "https://registry.npmjs.org/http-proxy-agent/-/http-proxy-agent-7.0.2.tgz",
      "integrity": "sha512-T1gkAiYYDWYx3V5Bmyu7HcfcvL7mUrTWiM6yOfa3PIphViJ/gFPbvidQ+veqSOHci/PxBcDabeUNCzpOODJZig==",
      "dev": true,
      "license": "MIT",
      "dependencies": {
        "agent-base": "^7.1.0",
        "debug": "^4.3.4"
      },
      "engines": {
        "node": ">= 14"
      }
    },
    "node_modules/https-proxy-agent": {
      "version": "7.0.6",
      "resolved": "https://registry.npmjs.org/https-proxy-agent/-/https-proxy-agent-7.0.6.tgz",
      "integrity": "sha512-vK9P5/iUfdl95AI+JVyUuIcVtd4ofvtrOr3HNtM2yxC9bnMbEdp3x01OhQNnjb8IJYi38VlTE3mBXwcfvywuSw==",
      "dev": true,
      "license": "MIT",
      "dependencies": {
        "agent-base": "^7.1.2",
        "debug": "4"
      },
      "engines": {
        "node": ">= 14"
      }
    },
    "node_modules/iconv-lite": {
      "version": "0.6.3",
      "resolved": "https://registry.npmjs.org/iconv-lite/-/iconv-lite-0.6.3.tgz",
      "integrity": "sha512-4fCk79wshMdzMp2rH06qWrJE4iolqLhCUH+OiuIgU++RB0+94NlDL81atO7GX55uUKueo0txHNtvEyI6D7WdMw==",
      "dev": true,
      "license": "MIT",
      "dependencies": {
        "safer-buffer": ">= 2.1.2 < 3.0.0"
      },
      "engines": {
        "node": ">=0.10.0"
      }
    },
    "node_modules/is-number": {
      "version": "7.0.0",
      "resolved": "https://registry.npmjs.org/is-number/-/is-number-7.0.0.tgz",
      "integrity": "sha512-41Cifkg6e8TylSpdtTpeLVMqvSBEVzTttHvERD741+pnZ8ANv0004MRL43QKPDlK9cGvNp6NZWZUBlbGXYxxng==",
      "dev": true,
      "license": "MIT",
      "engines": {
        "node": ">=0.12.0"
      }
    },
    "node_modules/is-potential-custom-element-name": {
      "version": "1.0.1",
      "resolved": "https://registry.npmjs.org/is-potential-custom-element-name/-/is-potential-custom-element-name-1.0.1.tgz",
      "integrity": "sha512-bCYeRA2rVibKZd+s2625gGnGF/t7DSqDs4dP7CrLA1m7jKWz6pps0LpYLJN8Q64HtmPKJ1hrN3nzPNKFEKOUiQ==",
      "dev": true,
      "license": "MIT"
    },
    "node_modules/jest-environment-jsdom": {
      "version": "30.0.5",
      "resolved": "https://registry.npmjs.org/jest-environment-jsdom/-/jest-environment-jsdom-30.0.5.tgz",
      "integrity": "sha512-BmnDEoAH+jEjkPrvE9DTKS2r3jYSJWlN/r46h0/DBUxKrkgt2jAZ5Nj4wXLAcV1KWkRpcFqA5zri9SWzJZ1cCg==",
      "dev": true,
      "license": "MIT",
      "dependencies": {
        "@jest/environment": "30.0.5",
        "@jest/environment-jsdom-abstract": "30.0.5",
        "@types/jsdom": "^21.1.7",
        "@types/node": "*",
        "jsdom": "^26.1.0"
      },
      "engines": {
        "node": "^18.14.0 || ^20.0.0 || ^22.0.0 || >=24.0.0"
      },
      "peerDependencies": {
        "canvas": "^3.0.0"
      },
      "peerDependenciesMeta": {
        "canvas": {
          "optional": true
        }
      }
    },
    "node_modules/jest-message-util": {
      "version": "30.0.5",
      "resolved": "https://registry.npmjs.org/jest-message-util/-/jest-message-util-30.0.5.tgz",
      "integrity": "sha512-NAiDOhsK3V7RU0Aa/HnrQo+E4JlbarbmI3q6Pi4KcxicdtjV82gcIUrejOtczChtVQR4kddu1E1EJlW6EN9IyA==",
      "dev": true,
      "license": "MIT",
      "dependencies": {
        "@babel/code-frame": "^7.27.1",
        "@jest/types": "30.0.5",
        "@types/stack-utils": "^2.0.3",
        "chalk": "^4.1.2",
        "graceful-fs": "^4.2.11",
        "micromatch": "^4.0.8",
        "pretty-format": "30.0.5",
        "slash": "^3.0.0",
        "stack-utils": "^2.0.6"
      },
      "engines": {
        "node": "^18.14.0 || ^20.0.0 || ^22.0.0 || >=24.0.0"
      }
    },
    "node_modules/jest-mock": {
      "version": "30.0.5",
      "resolved": "https://registry.npmjs.org/jest-mock/-/jest-mock-30.0.5.tgz",
      "integrity": "sha512-Od7TyasAAQX/6S+QCbN6vZoWOMwlTtzzGuxJku1GhGanAjz9y+QsQkpScDmETvdc9aSXyJ/Op4rhpMYBWW91wQ==",
      "dev": true,
      "license": "MIT",
      "dependencies": {
        "@jest/types": "30.0.5",
        "@types/node": "*",
        "jest-util": "30.0.5"
      },
      "engines": {
        "node": "^18.14.0 || ^20.0.0 || ^22.0.0 || >=24.0.0"
      }
    },
    "node_modules/jest-regex-util": {
      "version": "30.0.1",
      "resolved": "https://registry.npmjs.org/jest-regex-util/-/jest-regex-util-30.0.1.tgz",
      "integrity": "sha512-jHEQgBXAgc+Gh4g0p3bCevgRCVRkB4VB70zhoAE48gxeSr1hfUOsM/C2WoJgVL7Eyg//hudYENbm3Ne+/dRVVA==",
      "dev": true,
      "license": "MIT",
      "engines": {
        "node": "^18.14.0 || ^20.0.0 || ^22.0.0 || >=24.0.0"
      }
    },
    "node_modules/jest-util": {
      "version": "30.0.5",
      "resolved": "https://registry.npmjs.org/jest-util/-/jest-util-30.0.5.tgz",
      "integrity": "sha512-pvyPWssDZR0FlfMxCBoc0tvM8iUEskaRFALUtGQYzVEAqisAztmy+R8LnU14KT4XA0H/a5HMVTXat1jLne010g==",
      "dev": true,
      "license": "MIT",
      "dependencies": {
        "@jest/types": "30.0.5",
        "@types/node": "*",
        "chalk": "^4.1.2",
        "ci-info": "^4.2.0",
        "graceful-fs": "^4.2.11",
        "picomatch": "^4.0.2"
      },
      "engines": {
        "node": "^18.14.0 || ^20.0.0 || ^22.0.0 || >=24.0.0"
      }
    },
    "node_modules/js-tokens": {
      "version": "4.0.0",
      "resolved": "https://registry.npmjs.org/js-tokens/-/js-tokens-4.0.0.tgz",
      "integrity": "sha512-RdJUflcE3cUzKiMqQgsCu06FPu9UdIJO0beYbPhHN4k6apgJtifcoCtT9bcxOpYBtpD2kCM6Sbzg4CausW/PKQ==",
      "dev": true,
      "license": "MIT"
    },
    "node_modules/jsdom": {
      "version": "26.1.0",
      "resolved": "https://registry.npmjs.org/jsdom/-/jsdom-26.1.0.tgz",
      "integrity": "sha512-Cvc9WUhxSMEo4McES3P7oK3QaXldCfNWp7pl2NNeiIFlCoLr3kfq9kb1fxftiwk1FLV7CvpvDfonxtzUDeSOPg==",
      "dev": true,
      "license": "MIT",
      "dependencies": {
        "cssstyle": "^4.2.1",
        "data-urls": "^5.0.0",
        "decimal.js": "^10.5.0",
        "html-encoding-sniffer": "^4.0.0",
        "http-proxy-agent": "^7.0.2",
        "https-proxy-agent": "^7.0.6",
        "is-potential-custom-element-name": "^1.0.1",
        "nwsapi": "^2.2.16",
        "parse5": "^7.2.1",
        "rrweb-cssom": "^0.8.0",
        "saxes": "^6.0.0",
        "symbol-tree": "^3.2.4",
        "tough-cookie": "^5.1.1",
        "w3c-xmlserializer": "^5.0.0",
        "webidl-conversions": "^7.0.0",
        "whatwg-encoding": "^3.1.1",
        "whatwg-mimetype": "^4.0.0",
        "whatwg-url": "^14.1.1",
        "ws": "^8.18.0",
        "xml-name-validator": "^5.0.0"
      },
      "engines": {
        "node": ">=18"
      },
      "peerDependencies": {
        "canvas": "^3.0.0"
      },
      "peerDependenciesMeta": {
        "canvas": {
          "optional": true
        }
      }
    },
    "node_modules/lru-cache": {
      "version": "10.4.3",
      "resolved": "https://registry.npmjs.org/lru-cache/-/lru-cache-10.4.3.tgz",
      "integrity": "sha512-JNAzZcXrCt42VGLuYz0zfAzDfAvJWW6AfYlDBQyDV5DClI2m5sAmK+OIO7s59XfsRsWHp02jAJrRadPRGTt6SQ==",
      "dev": true,
      "license": "ISC"
    },
    "node_modules/micromatch": {
      "version": "4.0.8",
      "resolved": "https://registry.npmjs.org/micromatch/-/micromatch-4.0.8.tgz",
      "integrity": "sha512-PXwfBhYu0hBCPw8Dn0E+WDYb7af3dSLVWKi3HGv84IdF4TyFoC0ysxFd0Goxw7nSv4T/PzEJQxsYsEiFCKo2BA==",
      "dev": true,
      "license": "MIT",
      "dependencies": {
        "braces": "^3.0.3",
        "picomatch": "^2.3.1"
      },
      "engines": {
        "node": ">=8.6"
      }
    },
    "node_modules/micromatch/node_modules/picomatch": {
      "version": "2.3.1",
      "resolved": "https://registry.npmjs.org/picomatch/-/picomatch-2.3.1.tgz",
      "integrity": "sha512-JU3teHTNjmE2VCGFzuY8EXzCDVwEqB2a8fsIvwaStHhAWJEeVd1o1QD80CU6+ZdEXXSLbSsuLwJjkCBWqRQUVA==",
      "dev": true,
      "license": "MIT",
      "engines": {
        "node": ">=8.6"
      },
      "funding": {
        "url": "https://github.com/sponsors/jonschlinkert"
      }
    },
    "node_modules/ms": {
      "version": "2.1.3",
      "resolved": "https://registry.npmjs.org/ms/-/ms-2.1.3.tgz",
      "integrity": "sha512-6FlzubTLZG3J2a/NVCAleEhjzq5oxgHyaCU9yYXvcLsvoVaHJq/s5xXI6/XXP6tz7R9xAOtHnSO/tXtF3WRTlA==",
      "dev": true,
      "license": "MIT"
    },
    "node_modules/nwsapi": {
      "version": "2.2.21",
      "resolved": "https://registry.npmjs.org/nwsapi/-/nwsapi-2.2.21.tgz",
      "integrity": "sha512-o6nIY3qwiSXl7/LuOU0Dmuctd34Yay0yeuZRLFmDPrrdHpXKFndPj3hM+YEPVHYC5fx2otBx4Ilc/gyYSAUaIA==",
      "dev": true,
      "license": "MIT"
    },
    "node_modules/parse5": {
      "version": "7.3.0",
      "resolved": "https://registry.npmjs.org/parse5/-/parse5-7.3.0.tgz",
      "integrity": "sha512-IInvU7fabl34qmi9gY8XOVxhYyMyuH2xUNpb2q8/Y+7552KlejkRvqvD19nMoUW/uQGGbqNpA6Tufu5FL5BZgw==",
      "dev": true,
      "license": "MIT",
      "dependencies": {
        "entities": "^6.0.0"
      },
      "funding": {
        "url": "https://github.com/inikulin/parse5?sponsor=1"
      }
    },
    "node_modules/picocolors": {
      "version": "1.1.1",
      "resolved": "https://registry.npmjs.org/picocolors/-/picocolors-1.1.1.tgz",
      "integrity": "sha512-xceH2snhtb5M9liqDsmEw56le376mTZkEX/jEb/RxNFyegNul7eNslCXP9FDj/Lcu0X8KEyMceP2ntpaHrDEVA==",
      "dev": true,
      "license": "ISC"
    },
    "node_modules/picomatch": {
      "version": "4.0.3",
      "resolved": "https://registry.npmjs.org/picomatch/-/picomatch-4.0.3.tgz",
      "integrity": "sha512-5gTmgEY/sqK6gFXLIsQNH19lWb4ebPDLA4SdLP7dsWkIXHWlG66oPuVvXSGFPppYZz8ZDZq0dYYrbHfBCVUb1Q==",
      "dev": true,
      "license": "MIT",
      "engines": {
        "node": ">=12"
      },
      "funding": {
        "url": "https://github.com/sponsors/jonschlinkert"
      }
    },
    "node_modules/pretty-format": {
      "version": "30.0.5",
      "resolved": "https://registry.npmjs.org/pretty-format/-/pretty-format-30.0.5.tgz",
      "integrity": "sha512-D1tKtYvByrBkFLe2wHJl2bwMJIiT8rW+XA+TiataH79/FszLQMrpGEvzUVkzPau7OCO0Qnrhpe87PqtOAIB8Yw==",
      "dev": true,
      "license": "MIT",
      "dependencies": {
        "@jest/schemas": "30.0.5",
        "ansi-styles": "^5.2.0",
        "react-is": "^18.3.1"
      },
      "engines": {
        "node": "^18.14.0 || ^20.0.0 || ^22.0.0 || >=24.0.0"
      }
    },
    "node_modules/pretty-format/node_modules/ansi-styles": {
      "version": "5.2.0",
      "resolved": "https://registry.npmjs.org/ansi-styles/-/ansi-styles-5.2.0.tgz",
      "integrity": "sha512-Cxwpt2SfTzTtXcfOlzGEee8O+c+MmUgGrNiBcXnuWxuFJHe6a5Hz7qwhwe5OgaSYI0IJvkLqWX1ASG+cJOkEiA==",
      "dev": true,
      "license": "MIT",
      "engines": {
        "node": ">=10"
      },
      "funding": {
        "url": "https://github.com/chalk/ansi-styles?sponsor=1"
      }
    },
    "node_modules/punycode": {
      "version": "2.3.1",
      "resolved": "https://registry.npmjs.org/punycode/-/punycode-2.3.1.tgz",
      "integrity": "sha512-vYt7UD1U9Wg6138shLtLOvdAu+8DsC/ilFtEVHcH+wydcSpNE20AfSOduf6MkRFahL5FY7X1oU7nKVZFtfq8Fg==",
      "dev": true,
      "license": "MIT",
      "engines": {
        "node": ">=6"
      }
    },
    "node_modules/react-is": {
      "version": "18.3.1",
      "resolved": "https://registry.npmjs.org/react-is/-/react-is-18.3.1.tgz",
      "integrity": "sha512-/LLMVyas0ljjAtoYiPqYiL8VWXzUUdThrmU5+n20DZv+a+ClRoevUzw5JxU+Ieh5/c87ytoTBV9G1FiKfNJdmg==",
      "dev": true,
      "license": "MIT"
    },
    "node_modules/rrweb-cssom": {
      "version": "0.8.0",
      "resolved": "https://registry.npmjs.org/rrweb-cssom/-/rrweb-cssom-0.8.0.tgz",
      "integrity": "sha512-guoltQEx+9aMf2gDZ0s62EcV8lsXR+0w8915TC3ITdn2YueuNjdAYh/levpU9nFaoChh9RUS5ZdQMrKfVEN9tw==",
      "dev": true,
      "license": "MIT"
    },
    "node_modules/safer-buffer": {
      "version": "2.1.2",
      "resolved": "https://registry.npmjs.org/safer-buffer/-/safer-buffer-2.1.2.tgz",
      "integrity": "sha512-YZo3K82SD7Riyi0E1EQPojLz7kpepnSQI9IyPbHHg1XXXevb5dJI7tpyN2ADxGcQbHG7vcyRHk0cbwqcQriUtg==",
      "dev": true,
      "license": "MIT"
    },
    "node_modules/saxes": {
      "version": "6.0.0",
      "resolved": "https://registry.npmjs.org/saxes/-/saxes-6.0.0.tgz",
      "integrity": "sha512-xAg7SOnEhrm5zI3puOOKyy1OMcMlIJZYNJY7xLBwSze0UjhPLnWfj2GF2EpT0jmzaJKIWKHLsaSSajf35bcYnA==",
      "dev": true,
      "license": "ISC",
      "dependencies": {
        "xmlchars": "^2.2.0"
      },
      "engines": {
        "node": ">=v12.22.7"
      }
    },
    "node_modules/slash": {
      "version": "3.0.0",
      "resolved": "https://registry.npmjs.org/slash/-/slash-3.0.0.tgz",
      "integrity": "sha512-g9Q1haeby36OSStwb4ntCGGGaKsaVSjQ68fBxoQcutl5fS1vuY18H3wSt3jFyFtrkx+Kz0V1G85A4MyAdDMi2Q==",
      "dev": true,
      "license": "MIT",
      "engines": {
        "node": ">=8"
      }
    },
    "node_modules/stack-utils": {
      "version": "2.0.6",
      "resolved": "https://registry.npmjs.org/stack-utils/-/stack-utils-2.0.6.tgz",
      "integrity": "sha512-XlkWvfIm6RmsWtNJx+uqtKLS8eqFbxUg0ZzLXqY0caEy9l7hruX8IpiDnjsLavoBgqCCR71TqWO8MaXYheJ3RQ==",
      "dev": true,
      "license": "MIT",
      "dependencies": {
        "escape-string-regexp": "^2.0.0"
      },
      "engines": {
        "node": ">=10"
      }
    },
    "node_modules/supports-color": {
      "version": "7.2.0",
      "resolved": "https://registry.npmjs.org/supports-color/-/supports-color-7.2.0.tgz",
      "integrity": "sha512-qpCAvRl9stuOHveKsn7HncJRvv501qIacKzQlO/+Lwxc9+0q2wLyv4Dfvt80/DPn2pqOBsJdDiogXGR9+OvwRw==",
      "dev": true,
      "license": "MIT",
      "dependencies": {
        "has-flag": "^4.0.0"
      },
      "engines": {
        "node": ">=8"
      }
    },
    "node_modules/symbol-tree": {
      "version": "3.2.4",
      "resolved": "https://registry.npmjs.org/symbol-tree/-/symbol-tree-3.2.4.tgz",
      "integrity": "sha512-9QNk5KwDF+Bvz+PyObkmSYjI5ksVUYtjW7AU22r2NKcfLJcXp96hkDWU3+XndOsUb+AQ9QhfzfCT2O+CNWT5Tw==",
      "dev": true,
      "license": "MIT"
    },
    "node_modules/tldts": {
      "version": "6.1.86",
      "resolved": "https://registry.npmjs.org/tldts/-/tldts-6.1.86.tgz",
      "integrity": "sha512-WMi/OQ2axVTf/ykqCQgXiIct+mSQDFdH2fkwhPwgEwvJ1kSzZRiinb0zF2Xb8u4+OqPChmyI6MEu4EezNJz+FQ==",
      "dev": true,
      "license": "MIT",
      "dependencies": {
        "tldts-core": "^6.1.86"
      },
      "bin": {
        "tldts": "bin/cli.js"
      }
    },
    "node_modules/tldts-core": {
      "version": "6.1.86",
      "resolved": "https://registry.npmjs.org/tldts-core/-/tldts-core-6.1.86.tgz",
      "integrity": "sha512-Je6p7pkk+KMzMv2XXKmAE3McmolOQFdxkKw0R8EYNr7sELW46JqnNeTX8ybPiQgvg1ymCoF8LXs5fzFaZvJPTA==",
      "dev": true,
      "license": "MIT"
    },
    "node_modules/to-regex-range": {
      "version": "5.0.1",
      "resolved": "https://registry.npmjs.org/to-regex-range/-/to-regex-range-5.0.1.tgz",
      "integrity": "sha512-65P7iz6X5yEr1cwcgvQxbbIw7Uk3gOy5dIdtZ4rDveLqhrdJP+Li/Hx6tyK0NEb+2GCyneCMJiGqrADCSNk8sQ==",
      "dev": true,
      "license": "MIT",
      "dependencies": {
        "is-number": "^7.0.0"
      },
      "engines": {
        "node": ">=8.0"
      }
    },
    "node_modules/tough-cookie": {
      "version": "5.1.2",
      "resolved": "https://registry.npmjs.org/tough-cookie/-/tough-cookie-5.1.2.tgz",
      "integrity": "sha512-FVDYdxtnj0G6Qm/DhNPSb8Ju59ULcup3tuJxkFb5K8Bv2pUXILbf0xZWU8PX8Ov19OXljbUyveOFwRMwkXzO+A==",
      "dev": true,
      "license": "BSD-3-Clause",
      "dependencies": {
        "tldts": "^6.1.32"
      },
      "engines": {
        "node": ">=16"
      }
    },
    "node_modules/tr46": {
      "version": "5.1.1",
      "resolved": "https://registry.npmjs.org/tr46/-/tr46-5.1.1.tgz",
      "integrity": "sha512-hdF5ZgjTqgAntKkklYw0R03MG2x/bSzTtkxmIRw/sTNV8YXsCJ1tfLAX23lhxhHJlEf3CRCOCGGWw3vI3GaSPw==",
      "dev": true,
      "license": "MIT",
      "dependencies": {
        "punycode": "^2.3.1"
      },
      "engines": {
        "node": ">=18"
      }
    },
    "node_modules/type-detect": {
      "version": "4.0.8",
      "resolved": "https://registry.npmjs.org/type-detect/-/type-detect-4.0.8.tgz",
      "integrity": "sha512-0fr/mIH1dlO+x7TlcMy+bIDqKPsw/70tVyeHW787goQjhmqaZe10uwLujubK9q9Lg6Fiho1KUKDYz0Z7k7g5/g==",
      "dev": true,
      "license": "MIT",
      "engines": {
        "node": ">=4"
      }
    },
    "node_modules/undici-types": {
      "version": "7.10.0",
      "resolved": "https://registry.npmjs.org/undici-types/-/undici-types-7.10.0.tgz",
      "integrity": "sha512-t5Fy/nfn+14LuOc2KNYg75vZqClpAiqscVvMygNnlsHBFpSXdJaYtXMcdNLpl/Qvc3P2cB3s6lOV51nqsFq4ag==",
      "dev": true,
      "license": "MIT"
    },
    "node_modules/w3c-xmlserializer": {
      "version": "5.0.0",
      "resolved": "https://registry.npmjs.org/w3c-xmlserializer/-/w3c-xmlserializer-5.0.0.tgz",
      "integrity": "sha512-o8qghlI8NZHU1lLPrpi2+Uq7abh4GGPpYANlalzWxyWteJOCsr/P+oPBA49TOLu5FTZO4d3F9MnWJfiMo4BkmA==",
      "dev": true,
      "license": "MIT",
      "dependencies": {
        "xml-name-validator": "^5.0.0"
      },
      "engines": {
        "node": ">=18"
      }
    },
    "node_modules/webidl-conversions": {
      "version": "7.0.0",
      "resolved": "https://registry.npmjs.org/webidl-conversions/-/webidl-conversions-7.0.0.tgz",
      "integrity": "sha512-VwddBukDzu71offAQR975unBIGqfKZpM+8ZX6ySk8nYhVoo5CYaZyzt3YBvYtRtO+aoGlqxPg/B87NGVZ/fu6g==",
      "dev": true,
      "license": "BSD-2-Clause",
      "engines": {
        "node": ">=12"
      }
    },
    "node_modules/whatwg-encoding": {
      "version": "3.1.1",
      "resolved": "https://registry.npmjs.org/whatwg-encoding/-/whatwg-encoding-3.1.1.tgz",
      "integrity": "sha512-6qN4hJdMwfYBtE3YBTTHhoeuUrDBPZmbQaxWAqSALV/MeEnR5z1xd8UKud2RAkFoPkmB+hli1TZSnyi84xz1vQ==",
      "dev": true,
      "license": "MIT",
      "dependencies": {
        "iconv-lite": "0.6.3"
      },
      "engines": {
        "node": ">=18"
      }
    },
    "node_modules/whatwg-mimetype": {
      "version": "4.0.0",
      "resolved": "https://registry.npmjs.org/whatwg-mimetype/-/whatwg-mimetype-4.0.0.tgz",
      "integrity": "sha512-QaKxh0eNIi2mE9p2vEdzfagOKHCcj1pJ56EEHGQOVxp8r9/iszLUUV7v89x9O1p/T+NlTM5W7jW6+cz4Fq1YVg==",
      "dev": true,
      "license": "MIT",
      "engines": {
        "node": ">=18"
      }
    },
    "node_modules/whatwg-url": {
      "version": "14.2.0",
      "resolved": "https://registry.npmjs.org/whatwg-url/-/whatwg-url-14.2.0.tgz",
      "integrity": "sha512-De72GdQZzNTUBBChsXueQUnPKDkg/5A5zp7pFDuQAj5UFoENpiACU0wlCvzpAGnTkj++ihpKwKyYewn/XNUbKw==",
      "dev": true,
      "license": "MIT",
      "dependencies": {
        "tr46": "^5.1.0",
        "webidl-conversions": "^7.0.0"
      },
      "engines": {
        "node": ">=18"
      }
    },
    "node_modules/ws": {
      "version": "8.18.3",
      "resolved": "https://registry.npmjs.org/ws/-/ws-8.18.3.tgz",
      "integrity": "sha512-PEIGCY5tSlUt50cqyMXfCzX+oOPqN0vuGqWzbcJ2xvnkzkq46oOpz7dQaTDBdfICb4N14+GARUDw2XV2N4tvzg==",
      "dev": true,
      "license": "MIT",
      "engines": {
        "node": ">=10.0.0"
      },
      "peerDependencies": {
        "bufferutil": "^4.0.1",
        "utf-8-validate": ">=5.0.2"
      },
      "peerDependenciesMeta": {
        "bufferutil": {
          "optional": true
        },
        "utf-8-validate": {
          "optional": true
        }
      }
    },
    "node_modules/xml-name-validator": {
      "version": "5.0.0",
      "resolved": "https://registry.npmjs.org/xml-name-validator/-/xml-name-validator-5.0.0.tgz",
      "integrity": "sha512-EvGK8EJ3DhaHfbRlETOWAS5pO9MZITeauHKJyb8wyajUfQUenkIg2MvLDTZ4T/TgIcm3HU0TFBgWWboAZ30UHg==",
      "dev": true,
      "license": "Apache-2.0",
      "engines": {
        "node": ">=18"
      }
    },
    "node_modules/xmlchars": {
      "version": "2.2.0",
      "resolved": "https://registry.npmjs.org/xmlchars/-/xmlchars-2.2.0.tgz",
      "integrity": "sha512-JZnDKK8B0RCDw84FNdDAIpZK+JuJw+s7Lz8nksI7SIuU3UXJJslUthsi+uWBUYOwPFwW7W7PRLRfUKpxjtjFCw==",
      "dev": true,
      "license": "MIT"
    }
  }
}
