{
  "name": "@progress/kendo-theme-utils",
  "version": "7.1.0-dev.0",
  "lockfileVersion": 1,
  "requires": true,
  "dependencies": {
    "@progress/kendo-theme-core": {
      "version": "5.12.0",
      "resolved": "https://registry.npmjs.org/@progress/kendo-theme-core/-/kendo-theme-core-5.12.0.tgz",
      "integrity": "sha512-wTMIjeD2hWtx3UxiuX8ZIFd7bEnfXiPAOiELUR/9AhC2UoSomLNbNTknp5H2J42dkvCeRK7dELTqpqSjA4eA1w=="
    }
  }
}
