{
  "name": "@progress/kendo-theme-bootstrap",
  "version": "6.5.0",
  "lockfileVersion": 1,
  "requires": true,
  "dependencies": {
    "@progress/kendo-font-icons": {
      "version": "1.5.0",
      "resolved": "https://registry.npmjs.org/@progress/kendo-font-icons/-/kendo-font-icons-1.5.0.tgz",
      "integrity": "sha512-HRf2hg6rxYv/ruE2/SLyyEyEXpSCR34Gl6O7/8TAW0anx5PwxcpLn9HSMme68BDvk2bNRGu5fOjhsSqR7wn3UQ=="
    },
    "@progress/kendo-theme-core": {
      "version": "6.4.0-dev.1",
      "resolved": "https://registry.npmjs.org/@progress/kendo-theme-core/-/kendo-theme-core-6.4.0-dev.1.tgz",
      "integrity": "sha512-SLb/vTXHrHt+ahexe/e50+NRlo1uM1UuNacJ/+C9+cqJO+LhYcpFVQZGPm/5wVTzb4m9LVt42hk6lz0Nrr70bA=="
    },
    "@progress/kendo-theme-default": {
      "version": "6.4.0-dev.1",
      "resolved": "https://registry.npmjs.org/@progress/kendo-theme-default/-/kendo-theme-default-6.4.0-dev.1.tgz",
      "integrity": "sha512-7aGRLQtgroyBeXr9//PcQqayCauCsWRNbnkOoJ3fufGOEnex7tQ1H6Bi3plA72qX4vON61sP/yrHSDwDw60hnA==",
      "requires": {
        "@progress/kendo-font-icons": "1.4.2",
        "@progress/kendo-theme-core": "6.4.0-dev.1",
        "@progress/kendo-theme-utils": "6.4.0-dev.1"
      },
      "dependencies": {
        "@progress/kendo-font-icons": {
          "version": "1.4.2",
          "resolved": "https://registry.npmjs.org/@progress/kendo-font-icons/-/kendo-font-icons-1.4.2.tgz",
          "integrity": "sha512-elrcqNfIDPT5fNsJK9f9aqCMsOTd1U7dGuHIasvPsfKyCj/N+iVvRy6rDfCRrGzVhAwhhwAwEzroZQHOP2vzqw=="
        }
      }
    },
    "@progress/kendo-theme-utils": {
      "version": "6.4.0-dev.1",
      "resolved": "https://registry.npmjs.org/@progress/kendo-theme-utils/-/kendo-theme-utils-6.4.0-dev.1.tgz",
      "integrity": "sha512-xn3gOGQ3eMiZZ+R6LK97UmZ1TxCvuNuCrqU3aBwu7u9uFLU/JB5q9TCFmvq2bsAuEP/Te2HYjzLW82vK5bamgg==",
      "requires": {
        "@progress/kendo-theme-core": "6.4.0-dev.1"
      }
    },
    "bootstrap": {
      "version": "5.2.1",
      "resolved": "https://registry.npmjs.org/bootstrap/-/bootstrap-5.2.1.tgz",
      "integrity": "sha512-UQi3v2NpVPEi1n35dmRRzBJFlgvWHYwyem6yHhuT6afYF+sziEt46McRbT//kVXZ7b1YUYEVGdXEH74Nx3xzGA=="
    }
  }
}
