{
  "name": "@progress/kendo-theme-bootstrap",
  "version": "4.40.1",
  "lockfileVersion": 1,
  "requires": true,
  "dependencies": {
    "@progress/kendo-theme-default": {
      "version": "4.40.0",
      "resolved": "https://registry.npmjs.org/@progress/kendo-theme-default/-/kendo-theme-default-4.40.0.tgz",
      "integrity": "sha512-jLW2oGRiInX6YEVWsXrI45RTA2Dw1PIMwDfMph97iHjcPNKce8pgRmW+lJkG3Tj4Dir9e7kREekb32IK85zsbw==",
      "dev": true
    },
    "bootstrap": {
      "version": "5.0.2",
      "resolved": "https://registry.npmjs.org/bootstrap/-/bootstrap-5.0.2.tgz",
      "integrity": "sha512-1Ge963tyEQWJJ+8qtXFU6wgmAVj9gweEjibUdbmcCEYsn38tVwRk8107rk2vzt6cfQcRr3SlZ8aQBqaD8aqf+Q==",
      "dev": true
    }
  }
}
