{
  "name": "@progress/kendo-theme-bootstrap",
  "version": "6.5.0",
  "lockfileVersion": 2,
  "requires": true,
  "packages": {
    "": {
      "name": "@progress/kendo-theme-bootstrap",
      "version": "6.5.0",
      "license": "Apache-2.0",
      "dependencies": {
        "@progress/kendo-font-icons": "1.5.0",
        "@progress/kendo-theme-core": "6.5.0",
        "@progress/kendo-theme-default": "6.5.0",
        "@progress/kendo-theme-utils": "6.5.0",
        "bootstrap": "5.2.1"
      }
    },
    "node_modules/@popperjs/core": {
      "version": "2.11.8",
      "resolved": "https://registry.npmjs.org/@popperjs/core/-/core-2.11.8.tgz",
      "integrity": "sha512-P1st0aksCrn9sGZhp8GMYwBnQsbvAWsZAX44oXNNvLHGqAOcoVxmjZiohstwQ7SqKnbR47akdNi+uleWD8+g6A==",
      "peer": true,
      "funding": {
        "type": "opencollective",
        "url": "https://opencollective.com/popperjs"
      }
    },
    "node_modules/@progress/kendo-font-icons": {
      "version": "1.5.0",
      "resolved": "https://registry.npmjs.org/@progress/kendo-font-icons/-/kendo-font-icons-1.5.0.tgz",
      "integrity": "sha512-HRf2hg6rxYv/ruE2/SLyyEyEXpSCR34Gl6O7/8TAW0anx5PwxcpLn9HSMme68BDvk2bNRGu5fOjhsSqR7wn3UQ=="
    },
    "node_modules/@progress/kendo-theme-core": {
      "version": "6.5.0",
      "resolved": "https://registry.npmjs.org/@progress/kendo-theme-core/-/kendo-theme-core-6.5.0.tgz",
      "integrity": "sha512-QWK4Bi0onoP69NGBPyixCqR7+m3UXtjz+folrrAbjaJOu6BkQO57aIbyImYXurbW7M1b88XWKKSnDldrHluzJQ=="
    },
    "node_modules/@progress/kendo-theme-default": {
      "version": "6.5.0",
      "resolved": "https://registry.npmjs.org/@progress/kendo-theme-default/-/kendo-theme-default-6.5.0.tgz",
      "integrity": "sha512-irDi1xI3i62U2s0mCR+djSelfa6opSyIuJi/fI4HyDPYI9jCzHXWSjSN1Mwe2ypvGVPANjWeLgXO5YIy1AnqIA==",
      "dependencies": {
        "@progress/kendo-font-icons": "1.5.0",
        "@progress/kendo-theme-core": "6.5.0",
        "@progress/kendo-theme-utils": "6.5.0"
      }
    },
    "node_modules/@progress/kendo-theme-utils": {
      "version": "6.5.0",
      "resolved": "https://registry.npmjs.org/@progress/kendo-theme-utils/-/kendo-theme-utils-6.5.0.tgz",
      "integrity": "sha512-tYK3Eb2OZzoQgpKIPAPrmjwteG1Xe4msDfXuJMa3QlC+1EdcMaVILZkoaj2d056o8OIPjBBtJRjUa5/4DtUZTw==",
      "dependencies": {
        "@progress/kendo-theme-core": "6.5.0"
      }
    },
    "node_modules/bootstrap": {
      "version": "5.2.1",
      "resolved": "https://registry.npmjs.org/bootstrap/-/bootstrap-5.2.1.tgz",
      "integrity": "sha512-UQi3v2NpVPEi1n35dmRRzBJFlgvWHYwyem6yHhuT6afYF+sziEt46McRbT//kVXZ7b1YUYEVGdXEH74Nx3xzGA==",
      "funding": [
        {
          "type": "github",
          "url": "https://github.com/sponsors/twbs"
        },
        {
          "type": "opencollective",
          "url": "https://opencollective.com/bootstrap"
        }
      ],
      "peerDependencies": {
        "@popperjs/core": "^2.11.6"
      }
    }
  },
  "dependencies": {
    "@popperjs/core": {
      "version": "2.11.8",
      "resolved": "https://registry.npmjs.org/@popperjs/core/-/core-2.11.8.tgz",
      "integrity": "sha512-P1st0aksCrn9sGZhp8GMYwBnQsbvAWsZAX44oXNNvLHGqAOcoVxmjZiohstwQ7SqKnbR47akdNi+uleWD8+g6A==",
      "peer": true
    },
    "@progress/kendo-font-icons": {
      "version": "1.5.0",
      "resolved": "https://registry.npmjs.org/@progress/kendo-font-icons/-/kendo-font-icons-1.5.0.tgz",
      "integrity": "sha512-HRf2hg6rxYv/ruE2/SLyyEyEXpSCR34Gl6O7/8TAW0anx5PwxcpLn9HSMme68BDvk2bNRGu5fOjhsSqR7wn3UQ=="
    },
    "@progress/kendo-theme-core": {
      "version": "6.5.0",
      "resolved": "https://registry.npmjs.org/@progress/kendo-theme-core/-/kendo-theme-core-6.5.0.tgz",
      "integrity": "sha512-QWK4Bi0onoP69NGBPyixCqR7+m3UXtjz+folrrAbjaJOu6BkQO57aIbyImYXurbW7M1b88XWKKSnDldrHluzJQ=="
    },
    "@progress/kendo-theme-default": {
      "version": "6.5.0",
      "resolved": "https://registry.npmjs.org/@progress/kendo-theme-default/-/kendo-theme-default-6.5.0.tgz",
      "integrity": "sha512-irDi1xI3i62U2s0mCR+djSelfa6opSyIuJi/fI4HyDPYI9jCzHXWSjSN1Mwe2ypvGVPANjWeLgXO5YIy1AnqIA==",
      "requires": {
        "@progress/kendo-font-icons": "1.5.0",
        "@progress/kendo-theme-core": "6.5.0",
        "@progress/kendo-theme-utils": "6.5.0"
      }
    },
    "@progress/kendo-theme-utils": {
      "version": "6.5.0",
      "resolved": "https://registry.npmjs.org/@progress/kendo-theme-utils/-/kendo-theme-utils-6.5.0.tgz",
      "integrity": "sha512-tYK3Eb2OZzoQgpKIPAPrmjwteG1Xe4msDfXuJMa3QlC+1EdcMaVILZkoaj2d056o8OIPjBBtJRjUa5/4DtUZTw==",
      "requires": {
        "@progress/kendo-theme-core": "6.5.0"
      }
    },
    "bootstrap": {
      "version": "5.2.1",
      "resolved": "https://registry.npmjs.org/bootstrap/-/bootstrap-5.2.1.tgz",
      "integrity": "sha512-UQi3v2NpVPEi1n35dmRRzBJFlgvWHYwyem6yHhuT6afYF+sziEt46McRbT//kVXZ7b1YUYEVGdXEH74Nx3xzGA==",
      "requires": {}
    }
  }
}
